<?xml version="1.0" encoding="utf-8"?>
<Project ToolsVersion="4.0" xmlns="http://schemas.microsoft.com/developer/msbuild/2003">
  <ItemGroup>
    <ClCompile Include="..\..\..\..\max-sdk\source\max-sdk-base\c74support\max-includes\common\commonsyms.c" />
    <ClCompile Include="..\..\..\..\max-sdk\source\max-sdk-base\c74support\max-includes\common\dllmain_win.c" />
    <ClCompile Include="..\..\commons\dg\ears.essentia_commons.c" />
    <ClCompile Include="..\..\commons\dg\ears.essentia_models.c" />
    <ClCompile Include="..\..\mains\analysis_and_synthesis\ears.essentia.c" />
    <ClCompile Include="..\..\lib\essentia-2.1_beta5-modif-win\src\essentia\algorithm.cpp" />
    <ClCompile Include="..\..\lib\essentia-2.1_beta5-modif-win\src\essentia\configurable.cpp" />
    <ClCompile Include="..\..\lib\essentia-2.1_beta5-modif-win\src\essentia\connector.cpp" />
    <ClCompile Include="..\..\lib\essentia-2.1_beta5-modif-win\src\essentia\debugging.cpp" />
    <ClCompile Include="..\..\lib\essentia-2.1_beta5-modif-win\src\essentia\essentiautil.cpp" />
    <ClCompile Include="..\..\lib\essentia-2.1_beta5-modif-win\src\essentia\parameter.cpp" />
    <ClCompile Include="..\..\lib\essentia-2.1_beta5-modif-win\src\essentia\pool.cpp" />
    <ClCompile Include="..\..\lib\essentia-2.1_beta5-modif-win\src\essentia\range.cpp" />
    <ClCompile Include="..\..\lib\essentia-2.1_beta5-modif-win\src\essentia\streaming\accumulatoralgorithm.cpp" />
    <ClCompile Include="..\..\lib\essentia-2.1_beta5-modif-win\src\essentia\streaming\algorithms\devnull.cpp" />
    <ClCompile Include="..\..\lib\essentia-2.1_beta5-modif-win\src\essentia\streaming\algorithms\poolstorage.cpp" />
    <ClCompile Include="..\..\lib\essentia-2.1_beta5-modif-win\src\essentia\streaming\algorithms\ringbufferinput.cpp" />
    <ClCompile Include="..\..\lib\essentia-2.1_beta5-modif-win\src\essentia\streaming\algorithms\ringbufferoutput.cpp" />
    <ClCompile Include="..\..\lib\essentia-2.1_beta5-modif-win\src\essentia\streaming\algorithms\ringbuffervectoroutput.cpp" />
    <ClCompile Include="..\..\lib\essentia-2.1_beta5-modif-win\src\essentia\streaming\sinkbase.cpp" />
    <ClCompile Include="..\..\lib\essentia-2.1_beta5-modif-win\src\essentia\streaming\sourcebase.cpp" />
    <ClCompile Include="..\..\lib\essentia-2.1_beta5-modif-win\src\essentia\streaming\streamingalgorithm.cpp" />
    <ClCompile Include="..\..\lib\essentia-2.1_beta5-modif-win\src\essentia\streaming\streamingalgorithmcomposite.cpp" />
    <ClCompile Include="..\..\lib\essentia-2.1_beta5-modif-win\src\essentia\streaming\streamingalgorithmwrapper.cpp" />
    <ClCompile Include="..\..\lib\essentia-2.1_beta5-modif-win\src\essentia\stringutil.cpp" />
    <ClCompile Include="..\..\lib\essentia-2.1_beta5-modif-win\src\essentia\essentia.cpp" />
    <ClCompile Include="..\..\lib\essentia-2.1_beta5-modif-win\src\algorithms\essentia_algorithms_reg.cpp" />
    <ClCompile Include="..\..\lib\essentia-2.1_beta5-modif-win\src\essentia\scheduler\network.cpp" />
    <ClCompile Include="..\..\lib\essentia-2.1_beta5-modif-win\src\algorithms\filters\allpass.cpp" />
    <ClCompile Include="..\..\lib\essentia-2.1_beta5-modif-win\src\algorithms\filters\bandpass.cpp" />
    <ClCompile Include="..\..\lib\essentia-2.1_beta5-modif-win\src\algorithms\filters\bandreject.cpp" />
    <ClCompile Include="..\..\lib\essentia-2.1_beta5-modif-win\src\algorithms\filters\dcremoval.cpp" />
    <ClCompile Include="..\..\lib\essentia-2.1_beta5-modif-win\src\algorithms\filters\equalloudness.cpp" />
    <ClCompile Include="..\..\lib\essentia-2.1_beta5-modif-win\src\algorithms\filters\highpass.cpp" />
    <ClCompile Include="..\..\lib\essentia-2.1_beta5-modif-win\src\algorithms\filters\iir.cpp" />
    <ClCompile Include="..\..\lib\essentia-2.1_beta5-modif-win\src\algorithms\filters\lowpass.cpp" />
    <ClCompile Include="..\..\lib\essentia-2.1_beta5-modif-win\src\algorithms\filters\medianfilter.cpp" />
    <ClCompile Include="..\..\lib\essentia-2.1_beta5-modif-win\src\algorithms\filters\movingaverage.cpp" />
    <ClCompile Include="..\..\lib\essentia-2.1_beta5-modif-win\src\algorithms\rhythm\beatsloudness.cpp" />
    <ClCompile Include="..\..\lib\essentia-2.1_beta5-modif-win\src\algorithms\rhythm\beattrackerdegara.cpp" />
    <ClCompile Include="..\..\lib\essentia-2.1_beta5-modif-win\src\algorithms\rhythm\beattrackermultifeature.cpp" />
    <ClCompile Include="..\..\lib\essentia-2.1_beta5-modif-win\src\algorithms\rhythm\bpmhistogram.cpp" />
    <ClCompile Include="..\..\lib\essentia-2.1_beta5-modif-win\src\algorithms\rhythm\bpmhistogramdescriptors.cpp" />
    <ClCompile Include="..\..\lib\essentia-2.1_beta5-modif-win\src\algorithms\rhythm\bpmrubato.cpp" />
    <ClCompile Include="..\..\lib\essentia-2.1_beta5-modif-win\src\algorithms\rhythm\harmonicbpm.cpp" />
    <ClCompile Include="..\..\lib\essentia-2.1_beta5-modif-win\src\algorithms\rhythm\loopbpmconfidence.cpp" />
    <ClCompile Include="..\..\lib\essentia-2.1_beta5-modif-win\src\algorithms\rhythm\loopbpmestimator.cpp" />
    <ClCompile Include="..\..\lib\essentia-2.1_beta5-modif-win\src\algorithms\rhythm\noveltycurve.cpp" />
    <ClCompile Include="..\..\lib\essentia-2.1_beta5-modif-win\src\algorithms\rhythm\noveltycurvefixedbpmestimator.cpp" />
    <ClCompile Include="..\..\lib\essentia-2.1_beta5-modif-win\src\algorithms\rhythm\onsetdetection.cpp" />
    <ClCompile Include="..\..\lib\essentia-2.1_beta5-modif-win\src\algorithms\rhythm\onsetdetectionglobal.cpp" />
    <ClCompile Include="..\..\lib\essentia-2.1_beta5-modif-win\src\algorithms\rhythm\onsetrate.cpp" />
    <ClCompile Include="..\..\lib\essentia-2.1_beta5-modif-win\src\algorithms\rhythm\onsets.cpp" />
    <ClCompile Include="..\..\lib\essentia-2.1_beta5-modif-win\src\algorithms\rhythm\percivalbpmestimator.cpp" />
    <ClCompile Include="..\..\lib\essentia-2.1_beta5-modif-win\src\algorithms\rhythm\percivalenhanceharmonics.cpp" />
    <ClCompile Include="..\..\lib\essentia-2.1_beta5-modif-win\src\algorithms\rhythm\percivalevaluatepulsetrains.cpp" />
    <ClCompile Include="..\..\lib\essentia-2.1_beta5-modif-win\src\algorithms\rhythm\rhythmextractor.cpp" />
    <ClCompile Include="..\..\lib\essentia-2.1_beta5-modif-win\src\algorithms\rhythm\rhythmextractor2013.cpp" />
    <ClCompile Include="..\..\lib\essentia-2.1_beta5-modif-win\src\algorithms\rhythm\rhythmtransform.cpp" />
    <ClCompile Include="..\..\lib\essentia-2.1_beta5-modif-win\src\algorithms\rhythm\singlebeatloudness.cpp" />
    <ClCompile Include="..\..\lib\essentia-2.1_beta5-modif-win\src\algorithms\rhythm\superfluxextractor.cpp" />
    <ClCompile Include="..\..\lib\essentia-2.1_beta5-modif-win\src\algorithms\rhythm\superfluxnovelty.cpp" />
    <ClCompile Include="..\..\lib\essentia-2.1_beta5-modif-win\src\algorithms\rhythm\superfluxpeaks.cpp" />
    <ClCompile Include="..\..\lib\essentia-2.1_beta5-modif-win\src\algorithms\rhythm\temposcalebands.cpp" />
    <ClCompile Include="..\..\lib\essentia-2.1_beta5-modif-win\src\algorithms\rhythm\tempotap.cpp" />
    <ClCompile Include="..\..\lib\essentia-2.1_beta5-modif-win\src\algorithms\rhythm\tempotapdegara.cpp" />
    <ClCompile Include="..\..\lib\essentia-2.1_beta5-modif-win\src\algorithms\rhythm\tempotapmaxagreement.cpp" />
    <ClCompile Include="..\..\lib\essentia-2.1_beta5-modif-win\src\algorithms\rhythm\tempotapticks.cpp" />
    <ClCompile Include="..\..\lib\essentia-2.1_beta5-modif-win\src\algorithms\standard\autocorrelation.cpp" />
    <ClCompile Include="..\..\lib\essentia-2.1_beta5-modif-win\src\algorithms\standard\binaryoperator.cpp" />
    <ClCompile Include="..\..\lib\essentia-2.1_beta5-modif-win\src\algorithms\standard\binaryoperatorstream.cpp" />
    <ClCompile Include="..\..\lib\essentia-2.1_beta5-modif-win\src\algorithms\standard\bpf.cpp" />
    <ClCompile Include="..\..\lib\essentia-2.1_beta5-modif-win\src\algorithms\standard\chromagram.cpp" />
    <ClCompile Include="..\..\lib\essentia-2.1_beta5-modif-win\src\algorithms\standard\clipper.cpp" />
    <ClCompile Include="..\..\lib\essentia-2.1_beta5-modif-win\src\algorithms\standard\constantq.cpp" />
    <ClCompile Include="..\..\lib\essentia-2.1_beta5-modif-win\src\algorithms\standard\crosscorrelation.cpp" />
    <ClCompile Include="..\..\lib\essentia-2.1_beta5-modif-win\src\algorithms\standard\cubicspline.cpp" />
    <ClCompile Include="..\..\lib\essentia-2.1_beta5-modif-win\src\algorithms\standard\dct.cpp" />
    <ClCompile Include="..\..\lib\essentia-2.1_beta5-modif-win\src\algorithms\standard\derivative.cpp" />
    <ClCompile Include="..\..\lib\essentia-2.1_beta5-modif-win\src\algorithms\standard\envelope.cpp" />
    <ClCompile Include="..\..\lib\essentia-2.1_beta5-modif-win\src\algorithms\standard\fftk.cpp" />
    <ClCompile Include="..\..\lib\essentia-2.1_beta5-modif-win\src\algorithms\standard\fftkcomplex.cpp" />
    <ClCompile Include="..\..\lib\essentia-2.1_beta5-modif-win\src\algorithms\standard\framecutter.cpp" />
    <ClCompile Include="..\..\lib\essentia-2.1_beta5-modif-win\src\algorithms\standard\frametoreal.cpp" />
    <ClCompile Include="..\..\lib\essentia-2.1_beta5-modif-win\src\algorithms\standard\idct.cpp" />
    <ClCompile Include="..\..\lib\essentia-2.1_beta5-modif-win\src\algorithms\standard\ifftk.cpp" />
    <ClCompile Include="..\..\lib\essentia-2.1_beta5-modif-win\src\algorithms\standard\ifftkcomplex.cpp" />
    <ClCompile Include="..\..\lib\essentia-2.1_beta5-modif-win\src\algorithms\standard\maxfilter.cpp" />
    <ClCompile Include="..\..\lib\essentia-2.1_beta5-modif-win\src\algorithms\standard\monomixer.cpp" />
    <ClCompile Include="..\..\lib\essentia-2.1_beta5-modif-win\src\algorithms\standard\multiplexer.cpp" />
    <ClCompile Include="..\..\lib\essentia-2.1_beta5-modif-win\src\algorithms\standard\noiseadder.cpp" />
    <ClCompile Include="..\..\lib\essentia-2.1_beta5-modif-win\src\algorithms\standard\nsgconstantq.cpp" />
    <ClCompile Include="..\..\lib\essentia-2.1_beta5-modif-win\src\algorithms\standard\nsgconstantqstreaming.cpp" />
    <ClCompile Include="..\..\lib\essentia-2.1_beta5-modif-win\src\algorithms\standard\nsgiconstantq.cpp" />
    <ClCompile Include="..\..\lib\essentia-2.1_beta5-modif-win\src\algorithms\standard\overlapadd.cpp" />
    <ClCompile Include="..\..\lib\essentia-2.1_beta5-modif-win\src\algorithms\standard\peakdetection.cpp" />
    <ClCompile Include="..\..\lib\essentia-2.1_beta5-modif-win\src\algorithms\standard\powerspectrum.cpp" />
    <ClCompile Include="..\..\lib\essentia-2.1_beta5-modif-win\src\algorithms\standard\realaccumulator.cpp" />
    <ClCompile Include="..\..\lib\essentia-2.1_beta5-modif-win\src\algorithms\standard\replaygain.cpp" />
    <ClCompile Include="..\..\lib\essentia-2.1_beta5-modif-win\src\algorithms\standard\scale.cpp" />
    <ClCompile Include="..\..\lib\essentia-2.1_beta5-modif-win\src\algorithms\standard\silencerate.cpp" />
    <ClCompile Include="..\..\lib\essentia-2.1_beta5-modif-win\src\algorithms\standard\slicer.cpp" />
    <ClCompile Include="..\..\lib\essentia-2.1_beta5-modif-win\src\algorithms\standard\spectrum.cpp" />
    <ClCompile Include="..\..\lib\essentia-2.1_beta5-modif-win\src\algorithms\standard\spectrumCQ.cpp" />
    <ClCompile Include="..\..\lib\essentia-2.1_beta5-modif-win\src\algorithms\standard\spline.cpp" />
    <ClCompile Include="..\..\lib\essentia-2.1_beta5-modif-win\src\algorithms\standard\startstopsilence.cpp" />
    <ClCompile Include="..\..\lib\essentia-2.1_beta5-modif-win\src\algorithms\standard\stereodemuxer.cpp" />
    <ClCompile Include="..\..\lib\essentia-2.1_beta5-modif-win\src\algorithms\standard\stereomuxer.cpp" />
    <ClCompile Include="..\..\lib\essentia-2.1_beta5-modif-win\src\algorithms\standard\stereotrimmer.cpp" />
    <ClCompile Include="..\..\lib\essentia-2.1_beta5-modif-win\src\algorithms\standard\trimmer.cpp" />
    <ClCompile Include="..\..\lib\essentia-2.1_beta5-modif-win\src\algorithms\standard\unaryoperator.cpp" />
    <ClCompile Include="..\..\lib\essentia-2.1_beta5-modif-win\src\algorithms\standard\unaryoperatorstream.cpp" />
    <ClCompile Include="..\..\lib\essentia-2.1_beta5-modif-win\src\algorithms\standard\vectorrealaccumulator.cpp" />
    <ClCompile Include="..\..\lib\essentia-2.1_beta5-modif-win\src\algorithms\standard\viterbi.cpp" />
    <ClCompile Include="..\..\lib\essentia-2.1_beta5-modif-win\src\algorithms\standard\warpedautocorrelation.cpp" />
    <ClCompile Include="..\..\lib\essentia-2.1_beta5-modif-win\src\algorithms\standard\welch.cpp" />
    <ClCompile Include="..\..\lib\essentia-2.1_beta5-modif-win\src\algorithms\standard\windowing.cpp" />
    <ClCompile Include="..\..\lib\essentia-2.1_beta5-modif-win\src\algorithms\stats\centralmoments.cpp" />
    <ClCompile Include="..\..\lib\essentia-2.1_beta5-modif-win\src\algorithms\stats\centroid.cpp" />
    <ClCompile Include="..\..\lib\essentia-2.1_beta5-modif-win\src\algorithms\stats\crest.cpp" />
    <ClCompile Include="..\..\lib\essentia-2.1_beta5-modif-win\src\algorithms\stats\decrease.cpp" />
    <ClCompile Include="..\..\lib\essentia-2.1_beta5-modif-win\src\algorithms\stats\distributionshape.cpp" />
    <ClCompile Include="..\..\lib\essentia-2.1_beta5-modif-win\src\algorithms\stats\energy.cpp" />
    <ClCompile Include="..\..\lib\essentia-2.1_beta5-modif-win\src\algorithms\stats\entropy.cpp" />
    <ClCompile Include="..\..\lib\essentia-2.1_beta5-modif-win\src\algorithms\stats\flatness.cpp" />
    <ClCompile Include="..\..\lib\essentia-2.1_beta5-modif-win\src\algorithms\stats\geometricmean.cpp" />
    <ClCompile Include="..\..\lib\essentia-2.1_beta5-modif-win\src\algorithms\stats\histogram.cpp" />
    <ClCompile Include="..\..\lib\essentia-2.1_beta5-modif-win\src\algorithms\stats\instantpower.cpp" />
    <ClCompile Include="..\..\lib\essentia-2.1_beta5-modif-win\src\algorithms\stats\mean.cpp" />
    <ClCompile Include="..\..\lib\essentia-2.1_beta5-modif-win\src\algorithms\stats\median.cpp" />
    <ClCompile Include="..\..\lib\essentia-2.1_beta5-modif-win\src\algorithms\stats\poolaggregator.cpp" />
    <ClCompile Include="..\..\lib\essentia-2.1_beta5-modif-win\src\algorithms\stats\powermean.cpp" />
    <ClCompile Include="..\..\lib\essentia-2.1_beta5-modif-win\src\algorithms\stats\rawmoments.cpp" />
    <ClCompile Include="..\..\lib\essentia-2.1_beta5-modif-win\src\algorithms\stats\rms.cpp" />
    <ClCompile Include="..\..\lib\essentia-2.1_beta5-modif-win\src\algorithms\stats\singlegaussian.cpp" />
    <ClCompile Include="..\..\lib\essentia-2.1_beta5-modif-win\src\algorithms\stats\variance.cpp" />
    <ClCompile Include="..\..\lib\essentia-2.1_beta5-modif-win\src\algorithms\tonal\chordsdescriptors.cpp" />
    <ClCompile Include="..\..\lib\essentia-2.1_beta5-modif-win\src\algorithms\tonal\chordsdetection.cpp" />
    <ClCompile Include="..\..\lib\essentia-2.1_beta5-modif-win\src\algorithms\tonal\chordsdetectionbeats.cpp" />
    <ClCompile Include="..\..\lib\essentia-2.1_beta5-modif-win\src\algorithms\tonal\dissonance.cpp" />
    <ClCompile Include="..\..\lib\essentia-2.1_beta5-modif-win\src\algorithms\tonal\harmonicpeaks.cpp" />
    <ClCompile Include="..\..\lib\essentia-2.1_beta5-modif-win\src\algorithms\tonal\highresolutionfeatures.cpp" />
    <ClCompile Include="..\..\lib\essentia-2.1_beta5-modif-win\src\algorithms\tonal\inharmonicity.cpp" />
    <ClCompile Include="..\..\lib\essentia-2.1_beta5-modif-win\src\algorithms\tonal\key.cpp" />
    <ClCompile Include="..\..\lib\essentia-2.1_beta5-modif-win\src\algorithms\tonal\multipitchklapuri.cpp" />
    <ClCompile Include="..\..\lib\essentia-2.1_beta5-modif-win\src\algorithms\tonal\multipitchmelodia.cpp" />
    <ClCompile Include="..\..\lib\essentia-2.1_beta5-modif-win\src\algorithms\tonal\nnlschroma.cpp" />
    <ClCompile Include="..\..\lib\essentia-2.1_beta5-modif-win\src\algorithms\tonal\oddtoevenharmonicenergyratio.cpp" />
    <ClCompile Include="..\..\lib\essentia-2.1_beta5-modif-win\src\algorithms\tonal\pitchcontours.cpp" />
    <ClCompile Include="..\..\lib\essentia-2.1_beta5-modif-win\src\algorithms\tonal\pitchcontoursegmentation.cpp" />
    <ClCompile Include="..\..\lib\essentia-2.1_beta5-modif-win\src\algorithms\tonal\pitchcontoursmelody.cpp" />
    <ClCompile Include="..\..\lib\essentia-2.1_beta5-modif-win\src\algorithms\tonal\pitchcontoursmonomelody.cpp" />
    <ClCompile Include="..\..\lib\essentia-2.1_beta5-modif-win\src\algorithms\tonal\pitchcontoursmultimelody.cpp" />
    <ClCompile Include="..\..\lib\essentia-2.1_beta5-modif-win\src\algorithms\tonal\pitchfilter.cpp" />
    <ClCompile Include="..\..\lib\essentia-2.1_beta5-modif-win\src\algorithms\tonal\pitchmelodia.cpp" />
    <ClCompile Include="..\..\lib\essentia-2.1_beta5-modif-win\src\algorithms\tonal\pitchsaliencefunction.cpp" />
    <ClCompile Include="..\..\lib\essentia-2.1_beta5-modif-win\src\algorithms\tonal\pitchsaliencefunctionpeaks.cpp" />
    <ClCompile Include="..\..\lib\essentia-2.1_beta5-modif-win\src\algorithms\tonal\pitchyin.cpp" />
    <ClCompile Include="..\..\lib\essentia-2.1_beta5-modif-win\src\algorithms\tonal\pitchyinfft.cpp" />
    <ClCompile Include="..\..\lib\essentia-2.1_beta5-modif-win\src\algorithms\tonal\pitchyinprobabilistic.cpp" />
    <ClCompile Include="..\..\lib\essentia-2.1_beta5-modif-win\src\algorithms\tonal\pitchyinprobabilities.cpp" />
    <ClCompile Include="..\..\lib\essentia-2.1_beta5-modif-win\src\algorithms\tonal\pitchyinprobabilitieshmm.cpp" />
    <ClCompile Include="..\..\lib\essentia-2.1_beta5-modif-win\src\algorithms\tonal\predominantpitchmelodia.cpp" />
    <ClCompile Include="..\..\lib\essentia-2.1_beta5-modif-win\src\algorithms\tonal\tonicindianartmusic.cpp" />
    <ClCompile Include="..\..\lib\essentia-2.1_beta5-modif-win\src\algorithms\tonal\tristimulus.cpp" />
    <ClCompile Include="..\..\lib\essentia-2.1_beta5-modif-win\src\algorithms\tonal\tuningfrequency.cpp" />
    <ClCompile Include="..\..\lib\essentia-2.1_beta5-modif-win\src\algorithms\tonal\vibrato.cpp" />
    <ClCompile Include="..\..\lib\essentia-2.1_beta5-modif-win\src\algorithms\complex\cartesiantopolar.cpp" />
    <ClCompile Include="..\..\lib\essentia-2.1_beta5-modif-win\src\algorithms\complex\magnitude.cpp" />
    <ClCompile Include="..\..\lib\essentia-2.1_beta5-modif-win\src\algorithms\complex\polartocartesian.cpp" />
    <ClCompile Include="..\..\lib\essentia-2.1_beta5-modif-win\src\algorithms\spectral\barkbands.cpp" />
    <ClCompile Include="..\..\lib\essentia-2.1_beta5-modif-win\src\algorithms\spectral\bfcc.cpp" />
    <ClCompile Include="..\..\lib\essentia-2.1_beta5-modif-win\src\algorithms\spectral\energyband.cpp" />
    <ClCompile Include="..\..\lib\essentia-2.1_beta5-modif-win\src\algorithms\spectral\energybandratio.cpp" />
    <ClCompile Include="..\..\lib\essentia-2.1_beta5-modif-win\src\algorithms\spectral\erbbands.cpp" />
    <ClCompile Include="..\..\lib\essentia-2.1_beta5-modif-win\src\algorithms\spectral\flatnessdb.cpp" />
    <ClCompile Include="..\..\lib\essentia-2.1_beta5-modif-win\src\algorithms\spectral\flux.cpp" />
    <ClCompile Include="..\..\lib\essentia-2.1_beta5-modif-win\src\algorithms\spectral\frequencybands.cpp" />
    <ClCompile Include="..\..\lib\essentia-2.1_beta5-modif-win\src\algorithms\spectral\gfcc.cpp" />
    <ClCompile Include="..\..\lib\essentia-2.1_beta5-modif-win\src\algorithms\spectral\hfc.cpp" />
    <ClCompile Include="..\..\lib\essentia-2.1_beta5-modif-win\src\algorithms\spectral\hpcp.cpp" />
    <ClCompile Include="..\..\lib\essentia-2.1_beta5-modif-win\src\algorithms\spectral\logspectrum.cpp" />
    <ClCompile Include="..\..\lib\essentia-2.1_beta5-modif-win\src\algorithms\spectral\maxmagfreq.cpp" />
    <ClCompile Include="..\..\lib\essentia-2.1_beta5-modif-win\src\algorithms\spectral\melbands.cpp" />
    <ClCompile Include="..\..\lib\essentia-2.1_beta5-modif-win\src\algorithms\spectral\mfcc.cpp" />
    <ClCompile Include="..\..\lib\essentia-2.1_beta5-modif-win\src\algorithms\spectral\panning.cpp" />
    <ClCompile Include="..\..\lib\essentia-2.1_beta5-modif-win\src\algorithms\spectral\rolloff.cpp" />
    <ClCompile Include="..\..\lib\essentia-2.1_beta5-modif-win\src\algorithms\spectral\spectralcentroidtime.cpp" />
    <ClCompile Include="..\..\lib\essentia-2.1_beta5-modif-win\src\algorithms\spectral\spectralcomplexity.cpp" />
    <ClCompile Include="..\..\lib\essentia-2.1_beta5-modif-win\src\algorithms\spectral\spectralcontrast.cpp" />
    <ClCompile Include="..\..\lib\essentia-2.1_beta5-modif-win\src\algorithms\spectral\spectralpeaks.cpp" />
    <ClCompile Include="..\..\lib\essentia-2.1_beta5-modif-win\src\algorithms\spectral\spectralwhitening.cpp" />
    <ClCompile Include="..\..\lib\essentia-2.1_beta5-modif-win\src\algorithms\spectral\spectrumtocent.cpp" />
    <ClCompile Include="..\..\lib\essentia-2.1_beta5-modif-win\src\algorithms\spectral\strongpeak.cpp" />
    <ClCompile Include="..\..\lib\essentia-2.1_beta5-modif-win\src\algorithms\spectral\triangularbands.cpp" />
    <ClCompile Include="..\..\lib\essentia-2.1_beta5-modif-win\src\algorithms\spectral\triangularbarkbands.cpp" />
    <ClCompile Include="..\..\lib\essentia-2.1_beta5-modif-win\src\algorithms\synthesis\harmonicmask.cpp" />
    <ClCompile Include="..\..\lib\essentia-2.1_beta5-modif-win\src\algorithms\synthesis\harmonicmodelanal.cpp" />
    <ClCompile Include="..\..\lib\essentia-2.1_beta5-modif-win\src\algorithms\synthesis\hprmodelanal.cpp" />
    <ClCompile Include="..\..\lib\essentia-2.1_beta5-modif-win\src\algorithms\synthesis\hpsmodelanal.cpp" />
    <ClCompile Include="..\..\lib\essentia-2.1_beta5-modif-win\src\algorithms\synthesis\sinemodelanal.cpp" />
    <ClCompile Include="..\..\lib\essentia-2.1_beta5-modif-win\src\algorithms\synthesis\sinemodelsynth.cpp" />
    <ClCompile Include="..\..\lib\essentia-2.1_beta5-modif-win\src\algorithms\synthesis\sinesubtraction.cpp" />
    <ClCompile Include="..\..\lib\essentia-2.1_beta5-modif-win\src\algorithms\synthesis\sprmodelanal.cpp" />
    <ClCompile Include="..\..\lib\essentia-2.1_beta5-modif-win\src\algorithms\synthesis\sprmodelsynth.cpp" />
    <ClCompile Include="..\..\lib\essentia-2.1_beta5-modif-win\src\algorithms\synthesis\spsmodelanal.cpp" />
    <ClCompile Include="..\..\lib\essentia-2.1_beta5-modif-win\src\algorithms\synthesis\spsmodelsynth.cpp" />
    <ClCompile Include="..\..\lib\essentia-2.1_beta5-modif-win\src\algorithms\synthesis\stochasticmodelanal.cpp" />
    <ClCompile Include="..\..\lib\essentia-2.1_beta5-modif-win\src\algorithms\synthesis\stochasticmodelsynth.cpp" />
    <ClCompile Include="..\..\lib\essentia-2.1_beta5-modif-win\src\algorithms\audioproblems\clickdetector.cpp" />
    <ClCompile Include="..\..\lib\essentia-2.1_beta5-modif-win\src\algorithms\audioproblems\discontinuitydetector.cpp" />
    <ClCompile Include="..\..\lib\essentia-2.1_beta5-modif-win\src\algorithms\audioproblems\falsestereodetector.cpp" />
    <ClCompile Include="..\..\lib\essentia-2.1_beta5-modif-win\src\algorithms\audioproblems\gapsdetector.cpp" />
    <ClCompile Include="..\..\lib\essentia-2.1_beta5-modif-win\src\algorithms\audioproblems\humdetector.cpp" />
    <ClCompile Include="..\..\lib\essentia-2.1_beta5-modif-win\src\algorithms\audioproblems\noiseburstdetector.cpp" />
    <ClCompile Include="..\..\lib\essentia-2.1_beta5-modif-win\src\algorithms\audioproblems\saturationdetector.cpp" />
    <ClCompile Include="..\..\lib\essentia-2.1_beta5-modif-win\src\algorithms\audioproblems\snr.cpp" />
    <ClCompile Include="..\..\lib\essentia-2.1_beta5-modif-win\src\algorithms\audioproblems\startstopcut.cpp" />
    <ClCompile Include="..\..\lib\essentia-2.1_beta5-modif-win\src\algorithms\audioproblems\truepeakdetector.cpp" />
    <ClCompile Include="..\..\lib\essentia-2.1_beta5-modif-win\src\3rdparty\cephes\bessel\gamma.cpp" />
    <ClCompile Include="..\..\lib\essentia-2.1_beta5-modif-win\src\3rdparty\cephes\bessel\hyperg.cpp" />
    <ClCompile Include="..\..\lib\essentia-2.1_beta5-modif-win\src\3rdparty\cephes\bessel\iv.cpp" />
    <ClCompile Include="..\..\lib\essentia-2.1_beta5-modif-win\src\3rdparty\cephes\bessel\polevl.cpp" />
    <ClCompile Include="..\..\lib\essentia-2.1_beta5-modif-win\src\algorithms\extractor\barkextractor.cpp" />
    <ClCompile Include="..\..\lib\essentia-2.1_beta5-modif-win\src\algorithms\extractor\extractor.cpp" />
    <ClCompile Include="..\..\lib\essentia-2.1_beta5-modif-win\src\algorithms\extractor\freesoundextractor.cpp" />
    <ClCompile Include="..\..\lib\essentia-2.1_beta5-modif-win\src\algorithms\extractor\keyextractor.cpp" />
    <ClCompile Include="..\..\lib\essentia-2.1_beta5-modif-win\src\algorithms\extractor\levelextractor.cpp" />
    <ClCompile Include="..\..\lib\essentia-2.1_beta5-modif-win\src\algorithms\extractor\lowlevelspectraleqloudextractor.cpp" />
    <ClCompile Include="..\..\lib\essentia-2.1_beta5-modif-win\src\algorithms\extractor\lowlevelspectralextractor.cpp" />
    <ClCompile Include="..\..\lib\essentia-2.1_beta5-modif-win\src\algorithms\extractor\musicextractor.cpp" />
    <ClCompile Include="..\..\lib\essentia-2.1_beta5-modif-win\src\algorithms\extractor\musicextractorsvm.cpp" />
    <ClCompile Include="..\..\lib\essentia-2.1_beta5-modif-win\src\algorithms\extractor\rhythmdescriptors.cpp" />
    <ClCompile Include="..\..\lib\essentia-2.1_beta5-modif-win\src\algorithms\extractor\tonalextractor.cpp" />
    <ClCompile Include="..\..\lib\essentia-2.1_beta5-modif-win\src\algorithms\extractor\tuningfrequencyextractor.cpp" />
    <ClCompile Include="..\..\lib\essentia-2.1_beta5-modif-win\src\algorithms\temporal\duration.cpp" />
    <ClCompile Include="..\..\lib\essentia-2.1_beta5-modif-win\src\algorithms\temporal\effectiveduration.cpp" />
    <ClCompile Include="..\..\lib\essentia-2.1_beta5-modif-win\src\algorithms\temporal\larm.cpp" />
    <ClCompile Include="..\..\lib\essentia-2.1_beta5-modif-win\src\algorithms\temporal\leq.cpp" />
    <ClCompile Include="..\..\lib\essentia-2.1_beta5-modif-win\src\algorithms\temporal\loudness.cpp" />
    <ClCompile Include="..\..\lib\essentia-2.1_beta5-modif-win\src\algorithms\temporal\loudnessebur128.cpp" />
    <ClCompile Include="..\..\lib\essentia-2.1_beta5-modif-win\src\algorithms\temporal\loudnessebur128filter.cpp" />
    <ClCompile Include="..\..\lib\essentia-2.1_beta5-modif-win\src\algorithms\temporal\loudnessvickers.cpp" />
    <ClCompile Include="..\..\lib\essentia-2.1_beta5-modif-win\src\algorithms\temporal\lpc.cpp" />
    <ClCompile Include="..\..\lib\essentia-2.1_beta5-modif-win\src\algorithms\temporal\zerocrossingrate.cpp" />
    <ClCompile Include="..\..\lib\essentia-2.1_beta5-modif-win\src\algorithms\sfx\aftermaxtobeforemaxenergyratio.cpp" />
    <ClCompile Include="..\..\lib\essentia-2.1_beta5-modif-win\src\algorithms\sfx\derivativesfx.cpp" />
    <ClCompile Include="..\..\lib\essentia-2.1_beta5-modif-win\src\algorithms\sfx\flatnesssfx.cpp" />
    <ClCompile Include="..\..\lib\essentia-2.1_beta5-modif-win\src\algorithms\sfx\logattacktime.cpp" />
    <ClCompile Include="..\..\lib\essentia-2.1_beta5-modif-win\src\algorithms\sfx\maxtototal.cpp" />
    <ClCompile Include="..\..\lib\essentia-2.1_beta5-modif-win\src\algorithms\sfx\mintototal.cpp" />
    <ClCompile Include="..\..\lib\essentia-2.1_beta5-modif-win\src\algorithms\sfx\pitchsalience.cpp" />
    <ClCompile Include="..\..\lib\essentia-2.1_beta5-modif-win\src\algorithms\sfx\strongdecay.cpp" />
    <ClCompile Include="..\..\lib\essentia-2.1_beta5-modif-win\src\algorithms\sfx\tctototal.cpp" />
    <ClCompile Include="..\..\lib\essentia-2.1_beta5-modif-win\src\algorithms\highlevel\danceability.cpp" />
    <ClCompile Include="..\..\lib\essentia-2.1_beta5-modif-win\src\algorithms\highlevel\dynamiccomplexity.cpp" />
    <ClCompile Include="..\..\lib\essentia-2.1_beta5-modif-win\src\algorithms\highlevel\fadedetection.cpp" />
    <ClCompile Include="..\..\lib\essentia-2.1_beta5-modif-win\src\algorithms\highlevel\intensity.cpp" />
    <ClCompile Include="..\..\lib\essentia-2.1_beta5-modif-win\src\algorithms\highlevel\pca.cpp" />
    <ClCompile Include="..\..\lib\essentia-2.1_beta5-modif-win\src\algorithms\highlevel\sbic.cpp" />
    <ClCompile Include="..\..\lib\essentia-2.1_beta5-modif-win\src\algorithms\io\audioonsetsmarker.cpp" />
    <ClCompile Include="..\..\lib\essentia-2.1_beta5-modif-win\src\algorithms\experimental\beatogram.cpp" />
    <ClCompile Include="..\..\lib\essentia-2.1_beta5-modif-win\src\algorithms\experimental\meter.cpp" />
    <ClCompile Include="..\..\lib\essentia-2.1_beta5-modif-win\src\algorithms\io\fileoutputproxy.cpp" />
    <ClCompile Include="..\..\lib\essentia-2.1_beta5-modif-win\src\essentia\utils\extractor_freesound\FreesoundLowlevelDescriptors.cpp" />
    <ClCompile Include="..\..\lib\essentia-2.1_beta5-modif-win\src\essentia\utils\extractor_freesound\FreesoundRhythmDescriptors.cpp" />
    <ClCompile Include="..\..\lib\essentia-2.1_beta5-modif-win\src\essentia\utils\extractor_freesound\FreesoundSfxDescriptors.cpp" />
    <ClCompile Include="..\..\lib\essentia-2.1_beta5-modif-win\src\essentia\utils\extractor_freesound\FreesoundTonalDescriptors.cpp" />
    <ClCompile Include="..\..\lib\essentia-2.1_beta5-modif-win\src\essentia\utils\extractor_music\MusicLowlevelDescriptors.cpp" />
    <ClCompile Include="..\..\lib\essentia-2.1_beta5-modif-win\src\essentia\utils\extractor_music\MusicRhythmDescriptors.cpp" />
    <ClCompile Include="..\..\lib\essentia-2.1_beta5-modif-win\src\essentia\utils\extractor_music\MusicTonalDescriptors.cpp" />
    <ClCompile Include="..\..\lib\essentia-2.1_beta5-modif-win\src\3rdparty\spline\splineutil.cpp" />
    <ClCompile Include="..\..\lib\essentia-2.1_beta5-modif-win\src\3rdparty\kiss_fft130\tools\kiss_fastfir.c" />
    <ClCompile Include="..\..\lib\essentia-2.1_beta5-modif-win\src\3rdparty\kiss_fft130\tools\kiss_fftnd.c" />
    <ClCompile Include="..\..\lib\essentia-2.1_beta5-modif-win\src\3rdparty\kiss_fft130\tools\kiss_fftndr.c" />
    <ClCompile Include="..\..\lib\essentia-2.1_beta5-modif-win\src\3rdparty\kiss_fft130\tools\kiss_fftr.c" />
    <ClCompile Include="..\..\lib\essentia-2.1_beta5-modif-win\src\3rdparty\kiss_fft130\tools\kfc.c" />
    <ClCompile Include="..\..\lib\essentia-2.1_beta5-modif-win\src\algorithms\synthesis\resamplefft.cpp" />
    <ClCompile Include="..\..\lib\essentia-2.1_beta5-modif-win\src\essentia\utils\synth_utils.cpp" />
    <ClCompile Include="..\..\lib\essentia-2.1_beta5-modif-win\src\3rdparty\nnls\nnls.c" />
  </ItemGroup>
  <ItemGroup>
    <ClInclude Include="..\..\commons\dg\ears.essentia_commons.h" />
    <ClInclude Include="..\..\commons\dg\ears.essentia_models.h" />
    <ClInclude Include="..\..\lib\essentia-2.1_beta5-modif-win\src\essentia\algorithm.h" />
    <ClInclude Include="..\..\lib\essentia-2.1_beta5-modif-win\src\essentia\algorithmfactory.h" />
    <ClInclude Include="..\..\lib\essentia-2.1_beta5-modif-win\src\essentia\algorithmfactory_impl.h" />
    <ClInclude Include="..\..\lib\essentia-2.1_beta5-modif-win\src\essentia\config.h" />
    <ClInclude Include="..\..\lib\essentia-2.1_beta5-modif-win\src\essentia\configurable.h" />
    <ClInclude Include="..\..\lib\essentia-2.1_beta5-modif-win\src\essentia\connector.h" />
    <ClInclude Include="..\..\lib\essentia-2.1_beta5-modif-win\src\essentia\debugging.h" />
    <ClInclude Include="..\..\lib\essentia-2.1_beta5-modif-win\src\essentia\essentia.h" />
    <ClInclude Include="..\..\lib\essentia-2.1_beta5-modif-win\src\essentia\essentiamath.h" />
    <ClInclude Include="..\..\lib\essentia-2.1_beta5-modif-win\src\essentia\essentiautil.h" />
    <ClInclude Include="..\..\lib\essentia-2.1_beta5-modif-win\src\essentia\iotypewrappers.h" />
    <ClInclude Include="..\..\lib\essentia-2.1_beta5-modif-win\src\essentia\iotypewrappers_impl.h" />
    <ClInclude Include="..\..\lib\essentia-2.1_beta5-modif-win\src\essentia\parameter.h" />
    <ClInclude Include="..\..\lib\essentia-2.1_beta5-modif-win\src\essentia\pool.h" />
    <ClInclude Include="..\..\lib\essentia-2.1_beta5-modif-win\src\essentia\range.h" />
    <ClInclude Include="..\..\lib\essentia-2.1_beta5-modif-win\src\essentia\roguevector.h" />
    <ClInclude Include="..\..\lib\essentia-2.1_beta5-modif-win\src\essentia\streamconnector.h" />
    <ClInclude Include="..\..\lib\essentia-2.1_beta5-modif-win\src\essentia\streaming\accumulatoralgorithm.h" />
    <ClInclude Include="..\..\lib\essentia-2.1_beta5-modif-win\src\essentia\streaming\algorithms\copy.h" />
    <ClInclude Include="..\..\lib\essentia-2.1_beta5-modif-win\src\essentia\streaming\algorithms\devnull.h" />
    <ClInclude Include="..\..\lib\essentia-2.1_beta5-modif-win\src\essentia\streaming\algorithms\diskwriter.h" />
    <ClInclude Include="..\..\lib\essentia-2.1_beta5-modif-win\src\essentia\streaming\algorithms\fileoutput.h" />
    <ClInclude Include="..\..\lib\essentia-2.1_beta5-modif-win\src\essentia\streaming\algorithms\poolstorage.h" />
    <ClInclude Include="..\..\lib\essentia-2.1_beta5-modif-win\src\essentia\streaming\algorithms\ringbufferinput.h" />
    <ClInclude Include="..\..\lib\essentia-2.1_beta5-modif-win\src\essentia\streaming\algorithms\ringbufferoutput.h" />
    <ClInclude Include="..\..\lib\essentia-2.1_beta5-modif-win\src\essentia\streaming\algorithms\ringbuffervectoroutput.h" />
    <ClInclude Include="..\..\lib\essentia-2.1_beta5-modif-win\src\essentia\streaming\algorithms\vectorinput.h" />
    <ClInclude Include="..\..\lib\essentia-2.1_beta5-modif-win\src\essentia\streaming\algorithms\vectoroutput.h" />
    <ClInclude Include="..\..\lib\essentia-2.1_beta5-modif-win\src\essentia\streaming\multiratebuffer.h" />
    <ClInclude Include="..\..\lib\essentia-2.1_beta5-modif-win\src\essentia\streaming\phantombuffer.h" />
    <ClInclude Include="..\..\lib\essentia-2.1_beta5-modif-win\src\essentia\streaming\phantombuffer_impl.h" />
    <ClInclude Include="..\..\lib\essentia-2.1_beta5-modif-win\src\essentia\streaming\sink.h" />
    <ClInclude Include="..\..\lib\essentia-2.1_beta5-modif-win\src\essentia\streaming\sinkbase.h" />
    <ClInclude Include="..\..\lib\essentia-2.1_beta5-modif-win\src\essentia\streaming\sinkproxy.h" />
    <ClInclude Include="..\..\lib\essentia-2.1_beta5-modif-win\src\essentia\streaming\source.h" />
    <ClInclude Include="..\..\lib\essentia-2.1_beta5-modif-win\src\essentia\streaming\sourcebase.h" />
    <ClInclude Include="..\..\lib\essentia-2.1_beta5-modif-win\src\essentia\streaming\sourceproxy.h" />
    <ClInclude Include="..\..\lib\essentia-2.1_beta5-modif-win\src\essentia\streaming\streamingalgorithm.h" />
    <ClInclude Include="..\..\lib\essentia-2.1_beta5-modif-win\src\essentia\streaming\streamingalgorithmcomposite.h" />
    <ClInclude Include="..\..\lib\essentia-2.1_beta5-modif-win\src\essentia\streaming\streamingalgorithmwrapper.h" />
    <ClInclude Include="..\..\lib\essentia-2.1_beta5-modif-win\src\essentia\streamutil.h" />
    <ClInclude Include="..\..\lib\essentia-2.1_beta5-modif-win\src\essentia\stringutil.h" />
    <ClInclude Include="..\..\lib\essentia-2.1_beta5-modif-win\src\essentia\threading.h" />
    <ClInclude Include="..\..\lib\essentia-2.1_beta5-modif-win\src\essentia\types.h" />
    <ClInclude Include="..\..\lib\essentia-2.1_beta5-modif-win\src\algorithms\filters\allpass.h" />
    <ClInclude Include="..\..\lib\essentia-2.1_beta5-modif-win\src\algorithms\filters\bandpass.h" />
    <ClInclude Include="..\..\lib\essentia-2.1_beta5-modif-win\src\algorithms\filters\bandreject.h" />
    <ClInclude Include="..\..\lib\essentia-2.1_beta5-modif-win\src\algorithms\filters\dcremoval.h" />
    <ClInclude Include="..\..\lib\essentia-2.1_beta5-modif-win\src\algorithms\filters\equalloudness.h" />
    <ClInclude Include="..\..\lib\essentia-2.1_beta5-modif-win\src\algorithms\filters\highpass.h" />
    <ClInclude Include="..\..\lib\essentia-2.1_beta5-modif-win\src\algorithms\filters\iir.h" />
    <ClInclude Include="..\..\lib\essentia-2.1_beta5-modif-win\src\algorithms\filters\lowpass.h" />
    <ClInclude Include="..\..\lib\essentia-2.1_beta5-modif-win\src\algorithms\filters\medianfilter.h" />
    <ClInclude Include="..\..\lib\essentia-2.1_beta5-modif-win\src\algorithms\filters\movingaverage.h" />
    <ClInclude Include="..\..\lib\essentia-2.1_beta5-modif-win\src\algorithms\rhythm\beatsloudness.h" />
    <ClInclude Include="..\..\lib\essentia-2.1_beta5-modif-win\src\algorithms\rhythm\beattrackerdegara.h" />
    <ClInclude Include="..\..\lib\essentia-2.1_beta5-modif-win\src\algorithms\rhythm\beattrackermultifeature.h" />
    <ClInclude Include="..\..\lib\essentia-2.1_beta5-modif-win\src\algorithms\rhythm\bpmhistogram.h" />
    <ClInclude Include="..\..\lib\essentia-2.1_beta5-modif-win\src\algorithms\rhythm\bpmhistogramdescriptors.h" />
    <ClInclude Include="..\..\lib\essentia-2.1_beta5-modif-win\src\algorithms\rhythm\bpmrubato.h" />
    <ClInclude Include="..\..\lib\essentia-2.1_beta5-modif-win\src\algorithms\rhythm\harmonicbpm.h" />
    <ClInclude Include="..\..\lib\essentia-2.1_beta5-modif-win\src\algorithms\rhythm\loopbpmconfidence.h" />
    <ClInclude Include="..\..\lib\essentia-2.1_beta5-modif-win\src\algorithms\rhythm\loopbpmestimator.h" />
    <ClInclude Include="..\..\lib\essentia-2.1_beta5-modif-win\src\algorithms\rhythm\noveltycurve.h" />
    <ClInclude Include="..\..\lib\essentia-2.1_beta5-modif-win\src\algorithms\rhythm\noveltycurvefixedbpmestimator.h" />
    <ClInclude Include="..\..\lib\essentia-2.1_beta5-modif-win\src\algorithms\rhythm\onsetdetection.h" />
    <ClInclude Include="..\..\lib\essentia-2.1_beta5-modif-win\src\algorithms\rhythm\onsetdetectionglobal.h" />
    <ClInclude Include="..\..\lib\essentia-2.1_beta5-modif-win\src\algorithms\rhythm\onsetrate.h" />
    <ClInclude Include="..\..\lib\essentia-2.1_beta5-modif-win\src\algorithms\rhythm\onsets.h" />
    <ClInclude Include="..\..\lib\essentia-2.1_beta5-modif-win\src\algorithms\rhythm\percivalbpmestimator.h" />
    <ClInclude Include="..\..\lib\essentia-2.1_beta5-modif-win\src\algorithms\rhythm\percivalenhanceharmonics.h" />
    <ClInclude Include="..\..\lib\essentia-2.1_beta5-modif-win\src\algorithms\rhythm\percivalevaluatepulsetrains.h" />
    <ClInclude Include="..\..\lib\essentia-2.1_beta5-modif-win\src\algorithms\rhythm\rhythmextractor.h" />
    <ClInclude Include="..\..\lib\essentia-2.1_beta5-modif-win\src\algorithms\rhythm\rhythmextractor2013.h" />
    <ClInclude Include="..\..\lib\essentia-2.1_beta5-modif-win\src\algorithms\rhythm\rhythmtransform.h" />
    <ClInclude Include="..\..\lib\essentia-2.1_beta5-modif-win\src\algorithms\rhythm\singlebeatloudness.h" />
    <ClInclude Include="..\..\lib\essentia-2.1_beta5-modif-win\src\algorithms\rhythm\superfluxextractor.h" />
    <ClInclude Include="..\..\lib\essentia-2.1_beta5-modif-win\src\algorithms\rhythm\superfluxnovelty.h" />
    <ClInclude Include="..\..\lib\essentia-2.1_beta5-modif-win\src\algorithms\rhythm\superfluxpeaks.h" />
    <ClInclude Include="..\..\lib\essentia-2.1_beta5-modif-win\src\algorithms\rhythm\temposcalebands.h" />
    <ClInclude Include="..\..\lib\essentia-2.1_beta5-modif-win\src\algorithms\rhythm\tempotap.h" />
    <ClInclude Include="..\..\lib\essentia-2.1_beta5-modif-win\src\algorithms\rhythm\tempotapdegara.h" />
    <ClInclude Include="..\..\lib\essentia-2.1_beta5-modif-win\src\algorithms\rhythm\tempotapmaxagreement.h" />
    <ClInclude Include="..\..\lib\essentia-2.1_beta5-modif-win\src\algorithms\rhythm\tempotapticks.h" />
    <ClInclude Include="..\..\lib\essentia-2.1_beta5-modif-win\src\algorithms\standard\autocorrelation.h" />
    <ClInclude Include="..\..\lib\essentia-2.1_beta5-modif-win\src\algorithms\standard\binaryoperator.h" />
    <ClInclude Include="..\..\lib\essentia-2.1_beta5-modif-win\src\algorithms\standard\binaryoperatorstream.h" />
    <ClInclude Include="..\..\lib\essentia-2.1_beta5-modif-win\src\algorithms\standard\bpf.h" />
    <ClInclude Include="..\..\lib\essentia-2.1_beta5-modif-win\src\algorithms\standard\chromagram.h" />
    <ClInclude Include="..\..\lib\essentia-2.1_beta5-modif-win\src\algorithms\standard\clipper.h" />
    <ClInclude Include="..\..\lib\essentia-2.1_beta5-modif-win\src\algorithms\standard\constantq.h" />
    <ClInclude Include="..\..\lib\essentia-2.1_beta5-modif-win\src\algorithms\standard\crosscorrelation.h" />
    <ClInclude Include="..\..\lib\essentia-2.1_beta5-modif-win\src\algorithms\standard\cubicspline.h" />
    <ClInclude Include="..\..\lib\essentia-2.1_beta5-modif-win\src\algorithms\standard\dct.h" />
    <ClInclude Include="..\..\lib\essentia-2.1_beta5-modif-win\src\algorithms\standard\derivative.h" />
    <ClInclude Include="..\..\lib\essentia-2.1_beta5-modif-win\src\algorithms\standard\envelope.h" />
    <ClInclude Include="..\..\lib\essentia-2.1_beta5-modif-win\src\algorithms\standard\fftk.h" />
    <ClInclude Include="..\..\lib\essentia-2.1_beta5-modif-win\src\algorithms\standard\fftkcomplex.h" />
    <ClInclude Include="..\..\lib\essentia-2.1_beta5-modif-win\src\algorithms\standard\framecutter.h" />
    <ClInclude Include="..\..\lib\essentia-2.1_beta5-modif-win\src\algorithms\standard\frametoreal.h" />
    <ClInclude Include="..\..\lib\essentia-2.1_beta5-modif-win\src\algorithms\standard\idct.h" />
    <ClInclude Include="..\..\lib\essentia-2.1_beta5-modif-win\src\algorithms\standard\ifftk.h" />
    <ClInclude Include="..\..\lib\essentia-2.1_beta5-modif-win\src\algorithms\standard\ifftkcomplex.h" />
    <ClInclude Include="..\..\lib\essentia-2.1_beta5-modif-win\src\algorithms\standard\maxfilter.h" />
    <ClInclude Include="..\..\lib\essentia-2.1_beta5-modif-win\src\algorithms\standard\monomixer.h" />
    <ClInclude Include="..\..\lib\essentia-2.1_beta5-modif-win\src\algorithms\standard\multiplexer.h" />
    <ClInclude Include="..\..\lib\essentia-2.1_beta5-modif-win\src\algorithms\standard\noiseadder.h" />
    <ClInclude Include="..\..\lib\essentia-2.1_beta5-modif-win\src\algorithms\standard\nsgconstantq.h" />
    <ClInclude Include="..\..\lib\essentia-2.1_beta5-modif-win\src\algorithms\standard\nsgconstantqstreaming.h" />
    <ClInclude Include="..\..\lib\essentia-2.1_beta5-modif-win\src\algorithms\standard\nsgiconstantq.h" />
    <ClInclude Include="..\..\lib\essentia-2.1_beta5-modif-win\src\algorithms\standard\overlapadd.h" />
    <ClInclude Include="..\..\lib\essentia-2.1_beta5-modif-win\src\algorithms\standard\peakdetection.h" />
    <ClInclude Include="..\..\lib\essentia-2.1_beta5-modif-win\src\algorithms\standard\powerspectrum.h" />
    <ClInclude Include="..\..\lib\essentia-2.1_beta5-modif-win\src\algorithms\standard\realaccumulator.h" />
    <ClInclude Include="..\..\lib\essentia-2.1_beta5-modif-win\src\algorithms\standard\replaygain.h" />
    <ClInclude Include="..\..\lib\essentia-2.1_beta5-modif-win\src\algorithms\standard\scale.h" />
    <ClInclude Include="..\..\lib\essentia-2.1_beta5-modif-win\src\algorithms\standard\silencerate.h" />
    <ClInclude Include="..\..\lib\essentia-2.1_beta5-modif-win\src\algorithms\standard\slicer.h" />
    <ClInclude Include="..\..\lib\essentia-2.1_beta5-modif-win\src\algorithms\standard\spectrum.h" />
    <ClInclude Include="..\..\lib\essentia-2.1_beta5-modif-win\src\algorithms\standard\spectrumCQ.h" />
    <ClInclude Include="..\..\lib\essentia-2.1_beta5-modif-win\src\algorithms\standard\spline.h" />
    <ClInclude Include="..\..\lib\essentia-2.1_beta5-modif-win\src\algorithms\standard\startstopsilence.h" />
    <ClInclude Include="..\..\lib\essentia-2.1_beta5-modif-win\src\algorithms\standard\stereodemuxer.h" />
    <ClInclude Include="..\..\lib\essentia-2.1_beta5-modif-win\src\algorithms\standard\stereomuxer.h" />
    <ClInclude Include="..\..\lib\essentia-2.1_beta5-modif-win\src\algorithms\standard\stereotrimmer.h" />
    <ClInclude Include="..\..\lib\essentia-2.1_beta5-modif-win\src\algorithms\standard\trimmer.h" />
    <ClInclude Include="..\..\lib\essentia-2.1_beta5-modif-win\src\algorithms\standard\unaryoperator.h" />
    <ClInclude Include="..\..\lib\essentia-2.1_beta5-modif-win\src\algorithms\standard\unaryoperatorstream.h" />
    <ClInclude Include="..\..\lib\essentia-2.1_beta5-modif-win\src\algorithms\standard\vectorrealaccumulator.h" />
    <ClInclude Include="..\..\lib\essentia-2.1_beta5-modif-win\src\algorithms\standard\viterbi.h" />
    <ClInclude Include="..\..\lib\essentia-2.1_beta5-modif-win\src\algorithms\standard\warpedautocorrelation.h" />
    <ClInclude Include="..\..\lib\essentia-2.1_beta5-modif-win\src\algorithms\standard\welch.h" />
    <ClInclude Include="..\..\lib\essentia-2.1_beta5-modif-win\src\algorithms\standard\windowing.h" />
    <ClInclude Include="..\..\lib\essentia-2.1_beta5-modif-win\src\algorithms\stats\centralmoments.h" />
    <ClInclude Include="..\..\lib\essentia-2.1_beta5-modif-win\src\algorithms\stats\centroid.h" />
    <ClInclude Include="..\..\lib\essentia-2.1_beta5-modif-win\src\algorithms\stats\crest.h" />
    <ClInclude Include="..\..\lib\essentia-2.1_beta5-modif-win\src\algorithms\stats\decrease.h" />
    <ClInclude Include="..\..\lib\essentia-2.1_beta5-modif-win\src\algorithms\stats\distributionshape.h" />
    <ClInclude Include="..\..\lib\essentia-2.1_beta5-modif-win\src\algorithms\stats\energy.h" />
    <ClInclude Include="..\..\lib\essentia-2.1_beta5-modif-win\src\algorithms\stats\entropy.h" />
    <ClInclude Include="..\..\lib\essentia-2.1_beta5-modif-win\src\algorithms\stats\flatness.h" />
    <ClInclude Include="..\..\lib\essentia-2.1_beta5-modif-win\src\algorithms\stats\geometricmean.h" />
    <ClInclude Include="..\..\lib\essentia-2.1_beta5-modif-win\src\algorithms\stats\histogram.h" />
    <ClInclude Include="..\..\lib\essentia-2.1_beta5-modif-win\src\algorithms\stats\instantpower.h" />
    <ClInclude Include="..\..\lib\essentia-2.1_beta5-modif-win\src\algorithms\stats\mean.h" />
    <ClInclude Include="..\..\lib\essentia-2.1_beta5-modif-win\src\algorithms\stats\median.h" />
    <ClInclude Include="..\..\lib\essentia-2.1_beta5-modif-win\src\algorithms\stats\poolaggregator.h" />
    <ClInclude Include="..\..\lib\essentia-2.1_beta5-modif-win\src\algorithms\stats\powermean.h" />
    <ClInclude Include="..\..\lib\essentia-2.1_beta5-modif-win\src\algorithms\stats\rawmoments.h" />
    <ClInclude Include="..\..\lib\essentia-2.1_beta5-modif-win\src\algorithms\stats\rms.h" />
    <ClInclude Include="..\..\lib\essentia-2.1_beta5-modif-win\src\algorithms\stats\singlegaussian.h" />
    <ClInclude Include="..\..\lib\essentia-2.1_beta5-modif-win\src\algorithms\stats\variance.h" />
    <ClInclude Include="..\..\lib\essentia-2.1_beta5-modif-win\src\algorithms\tonal\chordsdescriptors.h" />
    <ClInclude Include="..\..\lib\essentia-2.1_beta5-modif-win\src\algorithms\tonal\chordsdetection.h" />
    <ClInclude Include="..\..\lib\essentia-2.1_beta5-modif-win\src\algorithms\tonal\chordsdetectionbeats.h" />
    <ClInclude Include="..\..\lib\essentia-2.1_beta5-modif-win\src\algorithms\tonal\dissonance.h" />
    <ClInclude Include="..\..\lib\essentia-2.1_beta5-modif-win\src\algorithms\tonal\harmonicpeaks.h" />
    <ClInclude Include="..\..\lib\essentia-2.1_beta5-modif-win\src\algorithms\tonal\highresolutionfeatures.h" />
    <ClInclude Include="..\..\lib\essentia-2.1_beta5-modif-win\src\algorithms\tonal\inharmonicity.h" />
    <ClInclude Include="..\..\lib\essentia-2.1_beta5-modif-win\src\algorithms\tonal\key.h" />
    <ClInclude Include="..\..\lib\essentia-2.1_beta5-modif-win\src\algorithms\tonal\multipitchklapuri.h" />
    <ClInclude Include="..\..\lib\essentia-2.1_beta5-modif-win\src\algorithms\tonal\multipitchmelodia.h" />
    <ClInclude Include="..\..\lib\essentia-2.1_beta5-modif-win\src\algorithms\tonal\nnlschroma.h" />
    <ClInclude Include="..\..\lib\essentia-2.1_beta5-modif-win\src\algorithms\tonal\oddtoevenharmonicenergyratio.h" />
    <ClInclude Include="..\..\lib\essentia-2.1_beta5-modif-win\src\algorithms\tonal\pitchcontours.h" />
    <ClInclude Include="..\..\lib\essentia-2.1_beta5-modif-win\src\algorithms\tonal\pitchcontoursegmentation.h" />
    <ClInclude Include="..\..\lib\essentia-2.1_beta5-modif-win\src\algorithms\tonal\pitchcontoursmelody.h" />
    <ClInclude Include="..\..\lib\essentia-2.1_beta5-modif-win\src\algorithms\tonal\pitchcontoursmonomelody.h" />
    <ClInclude Include="..\..\lib\essentia-2.1_beta5-modif-win\src\algorithms\tonal\pitchcontoursmultimelody.h" />
    <ClInclude Include="..\..\lib\essentia-2.1_beta5-modif-win\src\algorithms\tonal\pitchfilter.h" />
    <ClInclude Include="..\..\lib\essentia-2.1_beta5-modif-win\src\algorithms\tonal\pitchmelodia.h" />
    <ClInclude Include="..\..\lib\essentia-2.1_beta5-modif-win\src\algorithms\tonal\pitchsaliencefunction.h" />
    <ClInclude Include="..\..\lib\essentia-2.1_beta5-modif-win\src\algorithms\tonal\pitchsaliencefunctionpeaks.h" />
    <ClInclude Include="..\..\lib\essentia-2.1_beta5-modif-win\src\algorithms\tonal\pitchyin.h" />
    <ClInclude Include="..\..\lib\essentia-2.1_beta5-modif-win\src\algorithms\tonal\pitchyinfft.h" />
    <ClInclude Include="..\..\lib\essentia-2.1_beta5-modif-win\src\algorithms\tonal\pitchyinprobabilistic.h" />
    <ClInclude Include="..\..\lib\essentia-2.1_beta5-modif-win\src\algorithms\tonal\pitchyinprobabilities.h" />
    <ClInclude Include="..\..\lib\essentia-2.1_beta5-modif-win\src\algorithms\tonal\pitchyinprobabilitieshmm.h" />
    <ClInclude Include="..\..\lib\essentia-2.1_beta5-modif-win\src\algorithms\tonal\predominantpitchmelodia.h" />
    <ClInclude Include="..\..\lib\essentia-2.1_beta5-modif-win\src\algorithms\tonal\tonicindianartmusic.h" />
    <ClInclude Include="..\..\lib\essentia-2.1_beta5-modif-win\src\algorithms\tonal\tristimulus.h" />
    <ClInclude Include="..\..\lib\essentia-2.1_beta5-modif-win\src\algorithms\tonal\tuningfrequency.h" />
    <ClInclude Include="..\..\lib\essentia-2.1_beta5-modif-win\src\algorithms\tonal\vibrato.h" />
    <ClInclude Include="..\..\lib\essentia-2.1_beta5-modif-win\src\algorithms\complex\cartesiantopolar.h" />
    <ClInclude Include="..\..\lib\essentia-2.1_beta5-modif-win\src\algorithms\complex\magnitude.h" />
    <ClInclude Include="..\..\lib\essentia-2.1_beta5-modif-win\src\algorithms\complex\polartocartesian.h" />
    <ClInclude Include="..\..\lib\essentia-2.1_beta5-modif-win\src\algorithms\spectral\barkbands.h" />
    <ClInclude Include="..\..\lib\essentia-2.1_beta5-modif-win\src\algorithms\spectral\bfcc.h" />
    <ClInclude Include="..\..\lib\essentia-2.1_beta5-modif-win\src\algorithms\spectral\energyband.h" />
    <ClInclude Include="..\..\lib\essentia-2.1_beta5-modif-win\src\algorithms\spectral\energybandratio.h" />
    <ClInclude Include="..\..\lib\essentia-2.1_beta5-modif-win\src\algorithms\spectral\erbbands.h" />
    <ClInclude Include="..\..\lib\essentia-2.1_beta5-modif-win\src\algorithms\spectral\flatnessdb.h" />
    <ClInclude Include="..\..\lib\essentia-2.1_beta5-modif-win\src\algorithms\spectral\flux.h" />
    <ClInclude Include="..\..\lib\essentia-2.1_beta5-modif-win\src\algorithms\spectral\frequencybands.h" />
    <ClInclude Include="..\..\lib\essentia-2.1_beta5-modif-win\src\algorithms\spectral\gfcc.h" />
    <ClInclude Include="..\..\lib\essentia-2.1_beta5-modif-win\src\algorithms\spectral\hfc.h" />
    <ClInclude Include="..\..\lib\essentia-2.1_beta5-modif-win\src\algorithms\spectral\hpcp.h" />
    <ClInclude Include="..\..\lib\essentia-2.1_beta5-modif-win\src\algorithms\spectral\logspectrum.h" />
    <ClInclude Include="..\..\lib\essentia-2.1_beta5-modif-win\src\algorithms\spectral\maxmagfreq.h" />
    <ClInclude Include="..\..\lib\essentia-2.1_beta5-modif-win\src\algorithms\spectral\melbands.h" />
    <ClInclude Include="..\..\lib\essentia-2.1_beta5-modif-win\src\algorithms\spectral\mfcc.h" />
    <ClInclude Include="..\..\lib\essentia-2.1_beta5-modif-win\src\algorithms\spectral\panning.h" />
    <ClInclude Include="..\..\lib\essentia-2.1_beta5-modif-win\src\algorithms\spectral\rolloff.h" />
    <ClInclude Include="..\..\lib\essentia-2.1_beta5-modif-win\src\algorithms\spectral\spectralcentroidtime.h" />
    <ClInclude Include="..\..\lib\essentia-2.1_beta5-modif-win\src\algorithms\spectral\spectralcomplexity.h" />
    <ClInclude Include="..\..\lib\essentia-2.1_beta5-modif-win\src\algorithms\spectral\spectralcontrast.h" />
    <ClInclude Include="..\..\lib\essentia-2.1_beta5-modif-win\src\algorithms\spectral\spectralpeaks.h" />
    <ClInclude Include="..\..\lib\essentia-2.1_beta5-modif-win\src\algorithms\spectral\spectralwhitening.h" />
    <ClInclude Include="..\..\lib\essentia-2.1_beta5-modif-win\src\algorithms\spectral\spectrumtocent.h" />
    <ClInclude Include="..\..\lib\essentia-2.1_beta5-modif-win\src\algorithms\spectral\strongpeak.h" />
    <ClInclude Include="..\..\lib\essentia-2.1_beta5-modif-win\src\algorithms\spectral\triangularbands.h" />
    <ClInclude Include="..\..\lib\essentia-2.1_beta5-modif-win\src\algorithms\spectral\triangularbarkbands.h" />
    <ClInclude Include="..\..\lib\essentia-2.1_beta5-modif-win\src\algorithms\synthesis\harmonicmask.h" />
    <ClInclude Include="..\..\lib\essentia-2.1_beta5-modif-win\src\algorithms\synthesis\harmonicmodelanal.h" />
    <ClInclude Include="..\..\lib\essentia-2.1_beta5-modif-win\src\algorithms\synthesis\hprmodelanal.h" />
    <ClInclude Include="..\..\lib\essentia-2.1_beta5-modif-win\src\algorithms\synthesis\hpsmodelanal.h" />
    <ClInclude Include="..\..\lib\essentia-2.1_beta5-modif-win\src\algorithms\synthesis\sinemodelanal.h" />
    <ClInclude Include="..\..\lib\essentia-2.1_beta5-modif-win\src\algorithms\synthesis\sinemodelsynth.h" />
    <ClInclude Include="..\..\lib\essentia-2.1_beta5-modif-win\src\algorithms\synthesis\sinesubtraction.h" />
    <ClInclude Include="..\..\lib\essentia-2.1_beta5-modif-win\src\algorithms\synthesis\sprmodelanal.h" />
    <ClInclude Include="..\..\lib\essentia-2.1_beta5-modif-win\src\algorithms\synthesis\sprmodelsynth.h" />
    <ClInclude Include="..\..\lib\essentia-2.1_beta5-modif-win\src\algorithms\synthesis\spsmodelanal.h" />
    <ClInclude Include="..\..\lib\essentia-2.1_beta5-modif-win\src\algorithms\synthesis\spsmodelsynth.h" />
    <ClInclude Include="..\..\lib\essentia-2.1_beta5-modif-win\src\algorithms\synthesis\stochasticmodelanal.h" />
    <ClInclude Include="..\..\lib\essentia-2.1_beta5-modif-win\src\algorithms\synthesis\stochasticmodelsynth.h" />
    <ClInclude Include="..\..\lib\essentia-2.1_beta5-modif-win\src\algorithms\audioproblems\clickdetector.h" />
    <ClInclude Include="..\..\lib\essentia-2.1_beta5-modif-win\src\algorithms\audioproblems\discontinuitydetector.h" />
    <ClInclude Include="..\..\lib\essentia-2.1_beta5-modif-win\src\algorithms\audioproblems\falsestereodetector.h" />
    <ClInclude Include="..\..\lib\essentia-2.1_beta5-modif-win\src\algorithms\audioproblems\gapsdetector.h" />
    <ClInclude Include="..\..\lib\essentia-2.1_beta5-modif-win\src\algorithms\audioproblems\humdetector.h" />
    <ClInclude Include="..\..\lib\essentia-2.1_beta5-modif-win\src\algorithms\audioproblems\noiseburstdetector.h" />
    <ClInclude Include="..\..\lib\essentia-2.1_beta5-modif-win\src\algorithms\audioproblems\saturationdetector.h" />
    <ClInclude Include="..\..\lib\essentia-2.1_beta5-modif-win\src\algorithms\audioproblems\snr.h" />
    <ClInclude Include="..\..\lib\essentia-2.1_beta5-modif-win\src\algorithms\audioproblems\startstopcut.h" />
    <ClInclude Include="..\..\lib\essentia-2.1_beta5-modif-win\src\algorithms\audioproblems\truepeakdetector.h" />
    <ClInclude Include="..\..\lib\essentia-2.1_beta5-modif-win\src\3rdparty\cephes\bessel\bessel.h" />
    <ClInclude Include="..\..\lib\essentia-2.1_beta5-modif-win\src\algorithms\extractor\barkextractor.h" />
    <ClInclude Include="..\..\lib\essentia-2.1_beta5-modif-win\src\algorithms\extractor\extractor.h" />
    <ClInclude Include="..\..\lib\essentia-2.1_beta5-modif-win\src\algorithms\extractor\freesoundextractor.h" />
    <ClInclude Include="..\..\lib\essentia-2.1_beta5-modif-win\src\algorithms\extractor\keyextractor.h" />
    <ClInclude Include="..\..\lib\essentia-2.1_beta5-modif-win\src\algorithms\extractor\levelextractor.h" />
    <ClInclude Include="..\..\lib\essentia-2.1_beta5-modif-win\src\algorithms\extractor\lowlevelspectraleqloudextractor.h" />
    <ClInclude Include="..\..\lib\essentia-2.1_beta5-modif-win\src\algorithms\extractor\lowlevelspectralextractor.h" />
    <ClInclude Include="..\..\lib\essentia-2.1_beta5-modif-win\src\algorithms\extractor\musicextractor.h" />
    <ClInclude Include="..\..\lib\essentia-2.1_beta5-modif-win\src\algorithms\extractor\musicextractorsvm.h" />
    <ClInclude Include="..\..\lib\essentia-2.1_beta5-modif-win\src\algorithms\extractor\rhythmdescriptors.h" />
    <ClInclude Include="..\..\lib\essentia-2.1_beta5-modif-win\src\algorithms\extractor\tonalextractor.h" />
    <ClInclude Include="..\..\lib\essentia-2.1_beta5-modif-win\src\algorithms\extractor\tuningfrequencyextractor.h" />
    <ClInclude Include="..\..\lib\essentia-2.1_beta5-modif-win\src\algorithms\temporal\duration.h" />
    <ClInclude Include="..\..\lib\essentia-2.1_beta5-modif-win\src\algorithms\temporal\effectiveduration.h" />
    <ClInclude Include="..\..\lib\essentia-2.1_beta5-modif-win\src\algorithms\temporal\larm.h" />
    <ClInclude Include="..\..\lib\essentia-2.1_beta5-modif-win\src\algorithms\temporal\leq.h" />
    <ClInclude Include="..\..\lib\essentia-2.1_beta5-modif-win\src\algorithms\temporal\loudness.h" />
    <ClInclude Include="..\..\lib\essentia-2.1_beta5-modif-win\src\algorithms\temporal\loudnessebur128.h" />
    <ClInclude Include="..\..\lib\essentia-2.1_beta5-modif-win\src\algorithms\temporal\loudnessebur128filter.h" />
    <ClInclude Include="..\..\lib\essentia-2.1_beta5-modif-win\src\algorithms\temporal\loudnessvickers.h" />
    <ClInclude Include="..\..\lib\essentia-2.1_beta5-modif-win\src\algorithms\temporal\lpc.h" />
    <ClInclude Include="..\..\lib\essentia-2.1_beta5-modif-win\src\algorithms\temporal\zerocrossingrate.h" />
    <ClInclude Include="..\..\lib\essentia-2.1_beta5-modif-win\src\algorithms\sfx\aftermaxtobeforemaxenergyratio.h" />
    <ClInclude Include="..\..\lib\essentia-2.1_beta5-modif-win\src\algorithms\sfx\derivativesfx.h" />
    <ClInclude Include="..\..\lib\essentia-2.1_beta5-modif-win\src\algorithms\sfx\flatnesssfx.h" />
    <ClInclude Include="..\..\lib\essentia-2.1_beta5-modif-win\src\algorithms\sfx\logattacktime.h" />
    <ClInclude Include="..\..\lib\essentia-2.1_beta5-modif-win\src\algorithms\sfx\maxtototal.h" />
    <ClInclude Include="..\..\lib\essentia-2.1_beta5-modif-win\src\algorithms\sfx\mintototal.h" />
    <ClInclude Include="..\..\lib\essentia-2.1_beta5-modif-win\src\algorithms\sfx\pitchsalience.h" />
    <ClInclude Include="..\..\lib\essentia-2.1_beta5-modif-win\src\algorithms\sfx\strongdecay.h" />
    <ClInclude Include="..\..\lib\essentia-2.1_beta5-modif-win\src\algorithms\sfx\tctototal.h" />
    <ClInclude Include="..\..\lib\essentia-2.1_beta5-modif-win\src\algorithms\highlevel\danceability.h" />
    <ClInclude Include="..\..\lib\essentia-2.1_beta5-modif-win\src\algorithms\highlevel\dynamiccomplexity.h" />
    <ClInclude Include="..\..\lib\essentia-2.1_beta5-modif-win\src\algorithms\highlevel\fadedetection.h" />
    <ClInclude Include="..\..\lib\essentia-2.1_beta5-modif-win\src\algorithms\highlevel\intensity.h" />
    <ClInclude Include="..\..\lib\essentia-2.1_beta5-modif-win\src\algorithms\highlevel\pca.h" />
    <ClInclude Include="..\..\lib\essentia-2.1_beta5-modif-win\src\algorithms\highlevel\sbic.h" />
    <ClInclude Include="..\..\lib\essentia-2.1_beta5-modif-win\src\algorithms\io\audioonsetsmarker.h" />
    <ClInclude Include="..\..\lib\essentia-2.1_beta5-modif-win\src\algorithms\experimental\beatogram.h" />
    <ClInclude Include="..\..\lib\essentia-2.1_beta5-modif-win\src\algorithms\experimental\meter.h" />
    <ClInclude Include="..\..\lib\essentia-2.1_beta5-modif-win\src\algorithms\io\fileoutputproxy.h" />
    <ClInclude Include="..\..\lib\essentia-2.1_beta5-modif-win\src\essentia\utils\extractor_freesound\extractor_version.h" />
    <ClInclude Include="..\..\lib\essentia-2.1_beta5-modif-win\src\essentia\utils\extractor_freesound\FreesoundDescriptorsSet.h" />
    <ClInclude Include="..\..\lib\essentia-2.1_beta5-modif-win\src\essentia\utils\extractor_freesound\FreesoundLowlevelDescriptors.h" />
    <ClInclude Include="..\..\lib\essentia-2.1_beta5-modif-win\src\essentia\utils\extractor_freesound\FreesoundRhythmDescriptors.h" />
    <ClInclude Include="..\..\lib\essentia-2.1_beta5-modif-win\src\essentia\utils\extractor_freesound\FreesoundSfxDescriptors.h" />
    <ClInclude Include="..\..\lib\essentia-2.1_beta5-modif-win\src\essentia\utils\extractor_freesound\FreesoundTonalDescriptors.h" />
    <ClInclude Include="..\..\lib\essentia-2.1_beta5-modif-win\src\essentia\utils\extractor_music\extractor_version.h" />
    <ClInclude Include="..\..\lib\essentia-2.1_beta5-modif-win\src\essentia\utils\extractor_music\MusicDescriptorsSet.h" />
    <ClInclude Include="..\..\lib\essentia-2.1_beta5-modif-win\src\essentia\utils\extractor_music\MusicLowlevelDescriptors.h" />
    <ClInclude Include="..\..\lib\essentia-2.1_beta5-modif-win\src\essentia\utils\extractor_music\MusicRhythmDescriptors.h" />
    <ClInclude Include="..\..\lib\essentia-2.1_beta5-modif-win\src\essentia\utils\extractor_music\MusicTonalDescriptors.h" />
    <ClInclude Include="..\..\lib\essentia-2.1_beta5-modif-win\src\essentia\utils\extractor_music\tagwhitelist.h" />
    <ClInclude Include="..\..\lib\essentia-2.1_beta5-modif-win\src\3rdparty\spline\splineutil.h" />
    <ClInclude Include="..\..\lib\essentia-2.1_beta5-modif-win\src\3rdparty\kiss_fft130\kissfft.hh" />
    <ClInclude Include="..\..\lib\essentia-2.1_beta5-modif-win\src\3rdparty\kiss_fft130\_kiss_fft_guts.h" />
    <ClInclude Include="..\..\lib\essentia-2.1_beta5-modif-win\src\3rdparty\kiss_fft130\tools\kiss_fftnd.h" />
    <ClInclude Include="..\..\lib\essentia-2.1_beta5-modif-win\src\3rdparty\kiss_fft130\tools\kiss_fftndr.h" />
    <ClInclude Include="..\..\lib\essentia-2.1_beta5-modif-win\src\3rdparty\kiss_fft130\tools\kiss_fftr.h" />
    <ClInclude Include="..\..\lib\essentia-2.1_beta5-modif-win\src\3rdparty\kiss_fft130\tools\kfc.h" />
    <ClInclude Include="..\..\lib\essentia-2.1_beta5-modif-win\src\algorithms\synthesis\resamplefft.h" />
    <ClInclude Include="..\..\lib\essentia-2.1_beta5-modif-win\src\essentia\utils\synth_utils.h" />
    <ClInclude Include="..\..\lib\essentia-2.1_beta5-modif-win\src\3rdparty\nnls\nnls.h" />
  </ItemGroup>
</Project>