
Microsoft Visual Studio Solution File, Format Version 12.00
# Visual Studio Version 17
VisualStudioVersion = 17.1.32210.238
MinimumVisualStudioVersion = 10.0.40219.1
Project("{8BC9CEB8-8B4A-11D0-8D11-00A0C91BC942}") = "ears_lib", "vs_projects\ears_lib.vcxproj", "{DF55A42A-CBF8-4F3D-9BF4-E99E6219CD31}"
EndProject
Project("{8BC9CEB8-8B4A-11D0-8D11-00A0C91BC942}") = "ears.rev~", "vs_projects\ears.rev~.vcxproj", "{BE9C9951-8080-4884-91F7-02CDB3A9CEAE}"
EndProject
Project("{8BC9CEB8-8B4A-11D0-8D11-00A0C91BC942}") = "ears.assemble~", "vs_projects\ears.assemble~.vcxproj", "{988E1625-E45C-46EE-A650-AA57A0ADE74C}"
EndProject
Project("{8BC9CEB8-8B4A-11D0-8D11-00A0C91BC942}") = "ears.biquad~", "vs_projects\ears.biquad~.vcxproj", "{E43292B5-75F8-4073-99B2-B82F79FCE7A7}"
EndProject
Project("{8BC9CEB8-8B4A-11D0-8D11-00A0C91BC942}") = "ears.channel~", "vs_projects\ears.channel~.vcxproj", "{3C564861-DB4F-4B54-B394-DD223D2AB51A}"
EndProject
Project("{8BC9CEB8-8B4A-11D0-8D11-00A0C91BC942}") = "ears.collect~", "vs_projects\ears.collect~.vcxproj", "{8926D03D-D729-4EE3-8F07-38F710A5B107}"
EndProject
Project("{8BC9CEB8-8B4A-11D0-8D11-00A0C91BC942}") = "ears.crop~", "vs_projects\ears.crop~.vcxproj", "{48384647-BFB8-4E0A-85E0-CE17068209B1}"
EndProject
Project("{8BC9CEB8-8B4A-11D0-8D11-00A0C91BC942}") = "ears.envelope~", "vs_projects\ears.envelope~.vcxproj", "{9DED2CB1-C456-4EF7-9A14-F194B16CE7BE}"
EndProject
Project("{8BC9CEB8-8B4A-11D0-8D11-00A0C91BC942}") = "ears.fade~", "vs_projects\ears.fade~.vcxproj", "{2AA814D5-CE84-49FD-81D6-6DD334844B98}"
EndProject
Project("{2150E333-8FDC-42A3-9474-1A3956D46DE8}") = "Solution Items", "Solution Items", "{EEEF4127-BC4C-43A4-858A-893E0A47494E}"
EndProject
Project("{8BC9CEB8-8B4A-11D0-8D11-00A0C91BC942}") = "ears.filterempty~", "vs_projects\ears.filterempty~.vcxproj", "{1ABF13F5-A54D-43DB-9662-9636F81C81A7}"
EndProject
Project("{8BC9CEB8-8B4A-11D0-8D11-00A0C91BC942}") = "ears.format~", "vs_projects\ears.format~.vcxproj", "{0FA523C1-5335-413B-A7D1-E8FF0CCF90C0}"
EndProject
Project("{8BC9CEB8-8B4A-11D0-8D11-00A0C91BC942}") = "ears.fromdiffs~", "vs_projects\ears.fromdiffs~.vcxproj", "{217F943D-C13B-4F72-9A0E-65529E971759}"
EndProject
Project("{8BC9CEB8-8B4A-11D0-8D11-00A0C91BC942}") = "ears.fromsamps~", "vs_projects\ears.fromsamps~.vcxproj", "{7D998108-FCF3-46C5-97C1-79DC41001ECC}"
EndProject
Project("{8BC9CEB8-8B4A-11D0-8D11-00A0C91BC942}") = "ears.gain~", "vs_projects\ears.gain~.vcxproj", "{99D0B830-D847-436E-9339-DED8402A8713}"
EndProject
Project("{8BC9CEB8-8B4A-11D0-8D11-00A0C91BC942}") = "ears.info~", "vs_projects\ears.info~.vcxproj", "{983BA5E5-DF90-4799-A903-0BA0247CC64E}"
EndProject
Project("{8BC9CEB8-8B4A-11D0-8D11-00A0C91BC942}") = "ears.iter~", "vs_projects\ears.iter~.vcxproj", "{9872B1ED-8C45-4778-B16A-8966B43FCC2B}"
EndProject
Project("{8BC9CEB8-8B4A-11D0-8D11-00A0C91BC942}") = "ears.join~", "vs_projects\ears.join~.vcxproj", "{55598D1A-A387-465A-9633-B760875DEEF1}"
EndProject
Project("{8BC9CEB8-8B4A-11D0-8D11-00A0C91BC942}") = "ears.lace~", "vs_projects\ears.lace~.vcxproj", "{48761083-5CE7-4447-A3F7-7BBCDC84B70A}"
EndProject
Project("{8BC9CEB8-8B4A-11D0-8D11-00A0C91BC942}") = "ears.mix~", "vs_projects\ears.mix~.vcxproj", "{FA98AF4C-D764-40E6-8253-5376D6F0607D}"
EndProject
Project("{8BC9CEB8-8B4A-11D0-8D11-00A0C91BC942}") = "ears.mixdown~", "vs_projects\ears.mixdown~.vcxproj", "{8D49D7B0-05B7-477A-A4E0-26D992AB609C}"
EndProject
Global
	GlobalSection(SolutionConfigurationPlatforms) = preSolution
		Debug|x64 = Debug|x64
		Debug|x86 = Debug|x86
		Release|x64 = Release|x64
		Release|x86 = Release|x86
	EndGlobalSection
	GlobalSection(ProjectConfigurationPlatforms) = postSolution
		{DF55A42A-CBF8-4F3D-9BF4-E99E6219CD31}.Debug|x64.ActiveCfg = Debug|x64
		{DF55A42A-CBF8-4F3D-9BF4-E99E6219CD31}.Debug|x64.Build.0 = Debug|x64
		{DF55A42A-CBF8-4F3D-9BF4-E99E6219CD31}.Debug|x86.ActiveCfg = Debug|Win32
		{DF55A42A-CBF8-4F3D-9BF4-E99E6219CD31}.Debug|x86.Build.0 = Debug|Win32
		{DF55A42A-CBF8-4F3D-9BF4-E99E6219CD31}.Release|x64.ActiveCfg = Release|x64
		{DF55A42A-CBF8-4F3D-9BF4-E99E6219CD31}.Release|x64.Build.0 = Release|x64
		{DF55A42A-CBF8-4F3D-9BF4-E99E6219CD31}.Release|x86.ActiveCfg = Release|Win32
		{DF55A42A-CBF8-4F3D-9BF4-E99E6219CD31}.Release|x86.Build.0 = Release|Win32
		{BE9C9951-8080-4884-91F7-02CDB3A9CEAE}.Debug|x64.ActiveCfg = Debug|x64
		{BE9C9951-8080-4884-91F7-02CDB3A9CEAE}.Debug|x64.Build.0 = Debug|x64
		{BE9C9951-8080-4884-91F7-02CDB3A9CEAE}.Debug|x86.ActiveCfg = Debug|Win32
		{BE9C9951-8080-4884-91F7-02CDB3A9CEAE}.Debug|x86.Build.0 = Debug|Win32
		{BE9C9951-8080-4884-91F7-02CDB3A9CEAE}.Release|x64.ActiveCfg = Release|x64
		{BE9C9951-8080-4884-91F7-02CDB3A9CEAE}.Release|x64.Build.0 = Release|x64
		{BE9C9951-8080-4884-91F7-02CDB3A9CEAE}.Release|x86.ActiveCfg = Release|Win32
		{BE9C9951-8080-4884-91F7-02CDB3A9CEAE}.Release|x86.Build.0 = Release|Win32
		{988E1625-E45C-46EE-A650-AA57A0ADE74C}.Debug|x64.ActiveCfg = Debug|x64
		{988E1625-E45C-46EE-A650-AA57A0ADE74C}.Debug|x64.Build.0 = Debug|x64
		{988E1625-E45C-46EE-A650-AA57A0ADE74C}.Debug|x86.ActiveCfg = Debug|Win32
		{988E1625-E45C-46EE-A650-AA57A0ADE74C}.Debug|x86.Build.0 = Debug|Win32
		{988E1625-E45C-46EE-A650-AA57A0ADE74C}.Release|x64.ActiveCfg = Release|x64
		{988E1625-E45C-46EE-A650-AA57A0ADE74C}.Release|x64.Build.0 = Release|x64
		{988E1625-E45C-46EE-A650-AA57A0ADE74C}.Release|x86.ActiveCfg = Release|Win32
		{988E1625-E45C-46EE-A650-AA57A0ADE74C}.Release|x86.Build.0 = Release|Win32
		{E43292B5-75F8-4073-99B2-B82F79FCE7A7}.Debug|x64.ActiveCfg = Debug|x64
		{E43292B5-75F8-4073-99B2-B82F79FCE7A7}.Debug|x64.Build.0 = Debug|x64
		{E43292B5-75F8-4073-99B2-B82F79FCE7A7}.Debug|x86.ActiveCfg = Debug|Win32
		{E43292B5-75F8-4073-99B2-B82F79FCE7A7}.Debug|x86.Build.0 = Debug|Win32
		{E43292B5-75F8-4073-99B2-B82F79FCE7A7}.Release|x64.ActiveCfg = Release|x64
		{E43292B5-75F8-4073-99B2-B82F79FCE7A7}.Release|x64.Build.0 = Release|x64
		{E43292B5-75F8-4073-99B2-B82F79FCE7A7}.Release|x86.ActiveCfg = Release|Win32
		{E43292B5-75F8-4073-99B2-B82F79FCE7A7}.Release|x86.Build.0 = Release|Win32
		{3C564861-DB4F-4B54-B394-DD223D2AB51A}.Debug|x64.ActiveCfg = Debug|x64
		{3C564861-DB4F-4B54-B394-DD223D2AB51A}.Debug|x64.Build.0 = Debug|x64
		{3C564861-DB4F-4B54-B394-DD223D2AB51A}.Debug|x86.ActiveCfg = Debug|Win32
		{3C564861-DB4F-4B54-B394-DD223D2AB51A}.Debug|x86.Build.0 = Debug|Win32
		{3C564861-DB4F-4B54-B394-DD223D2AB51A}.Release|x64.ActiveCfg = Release|x64
		{3C564861-DB4F-4B54-B394-DD223D2AB51A}.Release|x64.Build.0 = Release|x64
		{3C564861-DB4F-4B54-B394-DD223D2AB51A}.Release|x86.ActiveCfg = Release|Win32
		{3C564861-DB4F-4B54-B394-DD223D2AB51A}.Release|x86.Build.0 = Release|Win32
		{8926D03D-D729-4EE3-8F07-38F710A5B107}.Debug|x64.ActiveCfg = Debug|x64
		{8926D03D-D729-4EE3-8F07-38F710A5B107}.Debug|x64.Build.0 = Debug|x64
		{8926D03D-D729-4EE3-8F07-38F710A5B107}.Debug|x86.ActiveCfg = Debug|Win32
		{8926D03D-D729-4EE3-8F07-38F710A5B107}.Debug|x86.Build.0 = Debug|Win32
		{8926D03D-D729-4EE3-8F07-38F710A5B107}.Release|x64.ActiveCfg = Release|x64
		{8926D03D-D729-4EE3-8F07-38F710A5B107}.Release|x64.Build.0 = Release|x64
		{8926D03D-D729-4EE3-8F07-38F710A5B107}.Release|x86.ActiveCfg = Release|Win32
		{8926D03D-D729-4EE3-8F07-38F710A5B107}.Release|x86.Build.0 = Release|Win32
		{48384647-BFB8-4E0A-85E0-CE17068209B1}.Debug|x64.ActiveCfg = Debug|x64
		{48384647-BFB8-4E0A-85E0-CE17068209B1}.Debug|x64.Build.0 = Debug|x64
		{48384647-BFB8-4E0A-85E0-CE17068209B1}.Debug|x86.ActiveCfg = Debug|Win32
		{48384647-BFB8-4E0A-85E0-CE17068209B1}.Debug|x86.Build.0 = Debug|Win32
		{48384647-BFB8-4E0A-85E0-CE17068209B1}.Release|x64.ActiveCfg = Release|x64
		{48384647-BFB8-4E0A-85E0-CE17068209B1}.Release|x64.Build.0 = Release|x64
		{48384647-BFB8-4E0A-85E0-CE17068209B1}.Release|x86.ActiveCfg = Release|Win32
		{48384647-BFB8-4E0A-85E0-CE17068209B1}.Release|x86.Build.0 = Release|Win32
		{9DED2CB1-C456-4EF7-9A14-F194B16CE7BE}.Debug|x64.ActiveCfg = Debug|x64
		{9DED2CB1-C456-4EF7-9A14-F194B16CE7BE}.Debug|x64.Build.0 = Debug|x64
		{9DED2CB1-C456-4EF7-9A14-F194B16CE7BE}.Debug|x86.ActiveCfg = Debug|Win32
		{9DED2CB1-C456-4EF7-9A14-F194B16CE7BE}.Debug|x86.Build.0 = Debug|Win32
		{9DED2CB1-C456-4EF7-9A14-F194B16CE7BE}.Release|x64.ActiveCfg = Release|x64
		{9DED2CB1-C456-4EF7-9A14-F194B16CE7BE}.Release|x64.Build.0 = Release|x64
		{9DED2CB1-C456-4EF7-9A14-F194B16CE7BE}.Release|x86.ActiveCfg = Release|Win32
		{9DED2CB1-C456-4EF7-9A14-F194B16CE7BE}.Release|x86.Build.0 = Release|Win32
		{2AA814D5-CE84-49FD-81D6-6DD334844B98}.Debug|x64.ActiveCfg = Debug|x64
		{2AA814D5-CE84-49FD-81D6-6DD334844B98}.Debug|x64.Build.0 = Debug|x64
		{2AA814D5-CE84-49FD-81D6-6DD334844B98}.Debug|x86.ActiveCfg = Debug|Win32
		{2AA814D5-CE84-49FD-81D6-6DD334844B98}.Debug|x86.Build.0 = Debug|Win32
		{2AA814D5-CE84-49FD-81D6-6DD334844B98}.Release|x64.ActiveCfg = Release|x64
		{2AA814D5-CE84-49FD-81D6-6DD334844B98}.Release|x64.Build.0 = Release|x64
		{2AA814D5-CE84-49FD-81D6-6DD334844B98}.Release|x86.ActiveCfg = Release|Win32
		{2AA814D5-CE84-49FD-81D6-6DD334844B98}.Release|x86.Build.0 = Release|Win32
		{1ABF13F5-A54D-43DB-9662-9636F81C81A7}.Debug|x64.ActiveCfg = Debug|x64
		{1ABF13F5-A54D-43DB-9662-9636F81C81A7}.Debug|x64.Build.0 = Debug|x64
		{1ABF13F5-A54D-43DB-9662-9636F81C81A7}.Debug|x86.ActiveCfg = Debug|Win32
		{1ABF13F5-A54D-43DB-9662-9636F81C81A7}.Debug|x86.Build.0 = Debug|Win32
		{1ABF13F5-A54D-43DB-9662-9636F81C81A7}.Release|x64.ActiveCfg = Release|x64
		{1ABF13F5-A54D-43DB-9662-9636F81C81A7}.Release|x64.Build.0 = Release|x64
		{1ABF13F5-A54D-43DB-9662-9636F81C81A7}.Release|x86.ActiveCfg = Release|Win32
		{1ABF13F5-A54D-43DB-9662-9636F81C81A7}.Release|x86.Build.0 = Release|Win32
		{0FA523C1-5335-413B-A7D1-E8FF0CCF90C0}.Debug|x64.ActiveCfg = Debug|x64
		{0FA523C1-5335-413B-A7D1-E8FF0CCF90C0}.Debug|x64.Build.0 = Debug|x64
		{0FA523C1-5335-413B-A7D1-E8FF0CCF90C0}.Debug|x86.ActiveCfg = Debug|Win32
		{0FA523C1-5335-413B-A7D1-E8FF0CCF90C0}.Debug|x86.Build.0 = Debug|Win32
		{0FA523C1-5335-413B-A7D1-E8FF0CCF90C0}.Release|x64.ActiveCfg = Release|x64
		{0FA523C1-5335-413B-A7D1-E8FF0CCF90C0}.Release|x64.Build.0 = Release|x64
		{0FA523C1-5335-413B-A7D1-E8FF0CCF90C0}.Release|x86.ActiveCfg = Release|Win32
		{0FA523C1-5335-413B-A7D1-E8FF0CCF90C0}.Release|x86.Build.0 = Release|Win32
		{217F943D-C13B-4F72-9A0E-65529E971759}.Debug|x64.ActiveCfg = Debug|x64
		{217F943D-C13B-4F72-9A0E-65529E971759}.Debug|x64.Build.0 = Debug|x64
		{217F943D-C13B-4F72-9A0E-65529E971759}.Debug|x86.ActiveCfg = Debug|Win32
		{217F943D-C13B-4F72-9A0E-65529E971759}.Debug|x86.Build.0 = Debug|Win32
		{217F943D-C13B-4F72-9A0E-65529E971759}.Release|x64.ActiveCfg = Release|x64
		{217F943D-C13B-4F72-9A0E-65529E971759}.Release|x64.Build.0 = Release|x64
		{217F943D-C13B-4F72-9A0E-65529E971759}.Release|x86.ActiveCfg = Release|Win32
		{217F943D-C13B-4F72-9A0E-65529E971759}.Release|x86.Build.0 = Release|Win32
		{7D998108-FCF3-46C5-97C1-79DC41001ECC}.Debug|x64.ActiveCfg = Debug|x64
		{7D998108-FCF3-46C5-97C1-79DC41001ECC}.Debug|x64.Build.0 = Debug|x64
		{7D998108-FCF3-46C5-97C1-79DC41001ECC}.Debug|x86.ActiveCfg = Debug|Win32
		{7D998108-FCF3-46C5-97C1-79DC41001ECC}.Debug|x86.Build.0 = Debug|Win32
		{7D998108-FCF3-46C5-97C1-79DC41001ECC}.Release|x64.ActiveCfg = Release|x64
		{7D998108-FCF3-46C5-97C1-79DC41001ECC}.Release|x64.Build.0 = Release|x64
		{7D998108-FCF3-46C5-97C1-79DC41001ECC}.Release|x86.ActiveCfg = Release|Win32
		{7D998108-FCF3-46C5-97C1-79DC41001ECC}.Release|x86.Build.0 = Release|Win32
		{99D0B830-D847-436E-9339-DED8402A8713}.Debug|x64.ActiveCfg = Debug|x64
		{99D0B830-D847-436E-9339-DED8402A8713}.Debug|x64.Build.0 = Debug|x64
		{99D0B830-D847-436E-9339-DED8402A8713}.Debug|x86.ActiveCfg = Debug|Win32
		{99D0B830-D847-436E-9339-DED8402A8713}.Debug|x86.Build.0 = Debug|Win32
		{99D0B830-D847-436E-9339-DED8402A8713}.Release|x64.ActiveCfg = Release|x64
		{99D0B830-D847-436E-9339-DED8402A8713}.Release|x64.Build.0 = Release|x64
		{99D0B830-D847-436E-9339-DED8402A8713}.Release|x86.ActiveCfg = Release|Win32
		{99D0B830-D847-436E-9339-DED8402A8713}.Release|x86.Build.0 = Release|Win32
		{983BA5E5-DF90-4799-A903-0BA0247CC64E}.Debug|x64.ActiveCfg = Debug|x64
		{983BA5E5-DF90-4799-A903-0BA0247CC64E}.Debug|x64.Build.0 = Debug|x64
		{983BA5E5-DF90-4799-A903-0BA0247CC64E}.Debug|x86.ActiveCfg = Debug|Win32
		{983BA5E5-DF90-4799-A903-0BA0247CC64E}.Debug|x86.Build.0 = Debug|Win32
		{983BA5E5-DF90-4799-A903-0BA0247CC64E}.Release|x64.ActiveCfg = Release|x64
		{983BA5E5-DF90-4799-A903-0BA0247CC64E}.Release|x64.Build.0 = Release|x64
		{983BA5E5-DF90-4799-A903-0BA0247CC64E}.Release|x86.ActiveCfg = Release|Win32
		{983BA5E5-DF90-4799-A903-0BA0247CC64E}.Release|x86.Build.0 = Release|Win32
		{9872B1ED-8C45-4778-B16A-8966B43FCC2B}.Debug|x64.ActiveCfg = Debug|x64
		{9872B1ED-8C45-4778-B16A-8966B43FCC2B}.Debug|x64.Build.0 = Debug|x64
		{9872B1ED-8C45-4778-B16A-8966B43FCC2B}.Debug|x86.ActiveCfg = Debug|Win32
		{9872B1ED-8C45-4778-B16A-8966B43FCC2B}.Debug|x86.Build.0 = Debug|Win32
		{9872B1ED-8C45-4778-B16A-8966B43FCC2B}.Release|x64.ActiveCfg = Release|x64
		{9872B1ED-8C45-4778-B16A-8966B43FCC2B}.Release|x64.Build.0 = Release|x64
		{9872B1ED-8C45-4778-B16A-8966B43FCC2B}.Release|x86.ActiveCfg = Release|Win32
		{9872B1ED-8C45-4778-B16A-8966B43FCC2B}.Release|x86.Build.0 = Release|Win32
		{55598D1A-A387-465A-9633-B760875DEEF1}.Debug|x64.ActiveCfg = Debug|x64
		{55598D1A-A387-465A-9633-B760875DEEF1}.Debug|x64.Build.0 = Debug|x64
		{55598D1A-A387-465A-9633-B760875DEEF1}.Debug|x86.ActiveCfg = Debug|Win32
		{55598D1A-A387-465A-9633-B760875DEEF1}.Debug|x86.Build.0 = Debug|Win32
		{55598D1A-A387-465A-9633-B760875DEEF1}.Release|x64.ActiveCfg = Release|x64
		{55598D1A-A387-465A-9633-B760875DEEF1}.Release|x64.Build.0 = Release|x64
		{55598D1A-A387-465A-9633-B760875DEEF1}.Release|x86.ActiveCfg = Release|Win32
		{55598D1A-A387-465A-9633-B760875DEEF1}.Release|x86.Build.0 = Release|Win32
		{48761083-5CE7-4447-A3F7-7BBCDC84B70A}.Debug|x64.ActiveCfg = Debug|x64
		{48761083-5CE7-4447-A3F7-7BBCDC84B70A}.Debug|x64.Build.0 = Debug|x64
		{48761083-5CE7-4447-A3F7-7BBCDC84B70A}.Debug|x86.ActiveCfg = Debug|Win32
		{48761083-5CE7-4447-A3F7-7BBCDC84B70A}.Debug|x86.Build.0 = Debug|Win32
		{48761083-5CE7-4447-A3F7-7BBCDC84B70A}.Release|x64.ActiveCfg = Release|x64
		{48761083-5CE7-4447-A3F7-7BBCDC84B70A}.Release|x64.Build.0 = Release|x64
		{48761083-5CE7-4447-A3F7-7BBCDC84B70A}.Release|x86.ActiveCfg = Release|Win32
		{48761083-5CE7-4447-A3F7-7BBCDC84B70A}.Release|x86.Build.0 = Release|Win32
		{FA98AF4C-D764-40E6-8253-5376D6F0607D}.Debug|x64.ActiveCfg = Debug|x64
		{FA98AF4C-D764-40E6-8253-5376D6F0607D}.Debug|x64.Build.0 = Debug|x64
		{FA98AF4C-D764-40E6-8253-5376D6F0607D}.Debug|x86.ActiveCfg = Debug|Win32
		{FA98AF4C-D764-40E6-8253-5376D6F0607D}.Debug|x86.Build.0 = Debug|Win32
		{FA98AF4C-D764-40E6-8253-5376D6F0607D}.Release|x64.ActiveCfg = Release|x64
		{FA98AF4C-D764-40E6-8253-5376D6F0607D}.Release|x64.Build.0 = Release|x64
		{FA98AF4C-D764-40E6-8253-5376D6F0607D}.Release|x86.ActiveCfg = Release|Win32
		{FA98AF4C-D764-40E6-8253-5376D6F0607D}.Release|x86.Build.0 = Release|Win32
		{8D49D7B0-05B7-477A-A4E0-26D992AB609C}.Debug|x64.ActiveCfg = Debug|x64
		{8D49D7B0-05B7-477A-A4E0-26D992AB609C}.Debug|x64.Build.0 = Debug|x64
		{8D49D7B0-05B7-477A-A4E0-26D992AB609C}.Debug|x86.ActiveCfg = Debug|Win32
		{8D49D7B0-05B7-477A-A4E0-26D992AB609C}.Debug|x86.Build.0 = Debug|Win32
		{8D49D7B0-05B7-477A-A4E0-26D992AB609C}.Release|x64.ActiveCfg = Release|x64
		{8D49D7B0-05B7-477A-A4E0-26D992AB609C}.Release|x64.Build.0 = Release|x64
		{8D49D7B0-05B7-477A-A4E0-26D992AB609C}.Release|x86.ActiveCfg = Release|Win32
		{8D49D7B0-05B7-477A-A4E0-26D992AB609C}.Release|x86.Build.0 = Release|Win32
	EndGlobalSection
	GlobalSection(SolutionProperties) = preSolution
		HideSolutionNode = FALSE
	EndGlobalSection
	GlobalSection(ExtensibilityGlobals) = postSolution
		SolutionGuid = {A437622A-F156-42F0-BEDC-C006EB769DEA}
	EndGlobalSection
EndGlobal
